
Microsoft Visual Studio Solution File, Format Version 10.00
# Visual Studio 2008
Project("{2150E333-8FDC-42A3-9474-1A3956D46DE8}") = "2008", "2008", "{32ABA65F-2606-4EF9-960D-4BB3020EF488}"
EndProject
Project("{2150E333-8FDC-42A3-9474-1A3956D46DE8}") = "algorithm", "algorithm", "{5D67D356-322B-4FC5-95BA-F719CC1DE1A7}"
EndProject
Project("{2150E333-8FDC-42A3-9474-1A3956D46DE8}") = "demo", "demo", "{9848F168-C985-423B-BDD9-862363482DBB}"
EndProject
Project("{2150E333-8FDC-42A3-9474-1A3956D46DE8}") = "lib", "lib", "{85F4ECA0-CB7B-4808-8A8A-DFF94511C93E}"
EndProject
Project("{2150E333-8FDC-42A3-9474-1A3956D46DE8}") = "position", "position", "{3025432B-8929-4EDE-A41F-EC16B62ABCDF}"
EndProject
Project("{2150E333-8FDC-42A3-9474-1A3956D46DE8}") = "util", "util", "{EE8958BC-A44F-4919-A92E-8688F4BC7F32}"
EndProject
Project("{2150E333-8FDC-42A3-9474-1A3956D46DE8}") = "2007", "2007", "{62C1F3BE-43C4-49AF-A19F-B040CC8E704C}"
EndProject
Project("{2150E333-8FDC-42A3-9474-1A3956D46DE8}") = "util", "util", "{69943CEE-CEAD-4A6C-B0CD-CE97BEC08379}"
EndProject
Project("{2150E333-8FDC-42A3-9474-1A3956D46DE8}") = "algorithm", "algorithm", "{6D1E6207-AC7B-4856-AD3A-C45B1047EBE1}"
EndProject
Project("{2150E333-8FDC-42A3-9474-1A3956D46DE8}") = "demo", "demo", "{925F8332-0218-4E38-B7CA-6F29EB420095}"
EndProject
Project("{2150E333-8FDC-42A3-9474-1A3956D46DE8}") = "position", "position", "{E436E86B-3AB6-4A9F-AC95-EC7828245715}"
EndProject
Project("{FAE04EC0-301F-11D3-BF4B-00C04F79EFBC}") = "M2M.Position", "position\M2M.Position\M2M.Position.csproj", "{985A5D54-AB5F-4894-9650-CEC35E1184AE}"
EndProject
Project("{FAE04EC0-301F-11D3-BF4B-00C04F79EFBC}") = "Wpf_RandomMap_Demo", "position\Wpf_RandomMap_Demo\Wpf_RandomMap_Demo.csproj", "{C80FB464-53EE-4FCA-9472-C88D33C54D67}"
EndProject
Project("{2150E333-8FDC-42A3-9474-1A3956D46DE8}") = "Petzold.Media3D 0.9.1.0", "Petzold.Media3D 0.9.1.0", "{0EF011F5-8CD9-4C90-B73A-22BD3C1DB7D4}"
EndProject
Project("{2150E333-8FDC-42A3-9474-1A3956D46DE8}") = "3DSolids", "3DSolids", "{460037C1-4754-46A4-BA00-263B0E8ADC6B}"
EndProject
Project("{2150E333-8FDC-42A3-9474-1A3956D46DE8}") = "3DTools 1.01", "3DTools 1.01", "{30FCF2BF-A0B6-41C4-8C65-EB2B84F441C5}"
EndProject
Project("{2150E333-8FDC-42A3-9474-1A3956D46DE8}") = "Perspective 0.5", "Perspective 0.5", "{92375906-2B79-410E-9E5C-8F6F14487650}"
EndProject
Project("{FAE04EC0-301F-11D3-BF4B-00C04F79EFBC}") = "primitive3dsurfaces", "lib\3DSolids\csharp\quadraticsurface\primitive3dsurfaces.csproj", "{59CA1B2C-40F6-427D-92AC-EC7ED1C1DC25}"
EndProject
Project("{FAE04EC0-301F-11D3-BF4B-00C04F79EFBC}") = "3DTools", "lib\3DTools\3DTools\3DTools.csproj", "{5F603892-DE40-4246-A969-1C6717AFE35D}"
EndProject
Project("{FAE04EC0-301F-11D3-BF4B-00C04F79EFBC}") = "Perspective.Core-dn3.5", "lib\Perspective\Perspective.Core\Perspective.Core-dn3.5.csproj", "{19FC4939-5269-4B1E-93BF-569D3E14A9B0}"
EndProject
Project("{FAE04EC0-301F-11D3-BF4B-00C04F79EFBC}") = "Perspective.Wpf-dn3.5", "lib\Perspective\Perspective.Wpf\Perspective.Wpf-dn3.5.csproj", "{34860E9C-F566-4F14-BFB9-45F6B37503F9}"
EndProject
Project("{FAE04EC0-301F-11D3-BF4B-00C04F79EFBC}") = "Perspective.Wpf3D-dn3.5", "lib\Perspective\Perspective.Wpf3D\Perspective.Wpf3D-dn3.5.csproj", "{F1121E62-AE79-4460-9419-E74F19C011F7}"
EndProject
Project("{FAE04EC0-301F-11D3-BF4B-00C04F79EFBC}") = "Petzold.Media3D", "lib\Petzold.Media3D\Petzold.Media3D\Petzold.Media3D.csproj", "{BEBED159-4DB6-4550-8342-7F3607177B71}"
EndProject
Project("{FAE04EC0-301F-11D3-BF4B-00C04F79EFBC}") = "Configuration", "..\2007\util\Configuration\Configuration.csproj", "{36FC5D55-98C6-4EC8-A8CE-8168D42C3BBE}"
EndProject
Project("{FAE04EC0-301F-11D3-BF4B-00C04F79EFBC}") = "DrawingLib", "..\2007\util\DrawingLib\DrawingLib.csproj", "{4C2AF699-DDA9-4788-B12B-2EE9C6E9BFBA}"
EndProject
Project("{FAE04EC0-301F-11D3-BF4B-00C04F79EFBC}") = "CountTimeTool", "..\2007\util\CountTimeTool\CountTimeTool.csproj", "{57A88133-03B3-4A40-B07A-9C3200CC197C}"
EndProject
Project("{2150E333-8FDC-42A3-9474-1A3956D46DE8}") = "RandomAlgorithm", "RandomAlgorithm", "{A39A090C-D4D8-4042-87CC-93D25E6FBD03}"
EndProject
Project("{FAE04EC0-301F-11D3-BF4B-00C04F79EFBC}") = "Troschuetz.Random", "..\2007\util\RandomAlgorithm\Troschuetz.Random\Troschuetz.Random.csproj", "{4BF77085-D5EA-4759-A0C6-2B22C7A46712}"
EndProject
Project("{FAE04EC0-301F-11D3-BF4B-00C04F79EFBC}") = "Scene", "util\Scene\Scene.csproj", "{573E3438-EED3-495B-8044-7D4614FF05D4}"
EndProject
Project("{FAE04EC0-301F-11D3-BF4B-00C04F79EFBC}") = "TestFor3D", "util\TestFor3D\TestFor3D.csproj", "{7EFF7B63-BC2F-44B1-A2FB-8BD3F8D2E3A3}"
EndProject
Project("{2150E333-8FDC-42A3-9474-1A3956D46DE8}") = "pathfinding", "pathfinding", "{D5937E94-31EA-4499-8402-826751A934D4}"
EndProject
Project("{2150E333-8FDC-42A3-9474-1A3956D46DE8}") = "m2m", "m2m", "{40F91EB7-8CD9-4161-8EAA-A06EDB410D16}"
EndProject
Project("{2150E333-8FDC-42A3-9474-1A3956D46DE8}") = "concollision_detection", "concollision_detection", "{B6BF021D-8762-4FBE-85E9-3D85BEE18B84}"
EndProject
Project("{2150E333-8FDC-42A3-9474-1A3956D46DE8}") = "pathfinding", "pathfinding", "{3324DF8B-6F1E-42BF-B22A-2F2C46BA7E55}"
EndProject
Project("{FAE04EC0-301F-11D3-BF4B-00C04F79EFBC}") = "M2M.Algorithm.Pathfinding", "algorithm\pathfinding\M2M.Algorithm.Pathfinding\M2M.Algorithm.Pathfinding.csproj", "{688EAD30-72EB-493C-B073-A0E8F9C71AAB}"
EndProject
Project("{2150E333-8FDC-42A3-9474-1A3956D46DE8}") = "C5 Generic Collection Library 1.10", "C5 Generic Collection Library 1.10", "{146E9C34-9E6B-47C3-A89B-10AFA899F3F2}"
EndProject
Project("{FAE04EC0-301F-11D3-BF4B-00C04F79EFBC}") = "C5", "..\2007\lib\C5\C5\C5.csproj", "{D70489CD-ABDA-48FF-BD1E-BE3F7495BE71}"
EndProject
Project("{FAE04EC0-301F-11D3-BF4B-00C04F79EFBC}") = "DataStructure", "..\2007\util\DataStructure\DataStructure.csproj", "{4AF5D061-3389-4305-ADF2-6633B7B3F6D4}"
EndProject
Project("{2150E333-8FDC-42A3-9474-1A3956D46DE8}") = "lib", "lib", "{4A051559-59F6-4F38-8321-C25FD74059BF}"
EndProject
Project("{FAE04EC0-301F-11D3-BF4B-00C04F79EFBC}") = "TestProject_position", "position\TestProject_position\TestProject_position.csproj", "{79B38618-22AB-4E47-AE79-27760B5E0578}"
EndProject
Project("{FAE04EC0-301F-11D3-BF4B-00C04F79EFBC}") = "TestProject_pathfinding", "algorithm\pathfinding\TestProject_pathfinding\TestProject_pathfinding.csproj", "{C0B19265-2047-42F5-AC09-1516A77F1F55}"
EndProject
Project("{2150E333-8FDC-42A3-9474-1A3956D46DE8}") = "zhd", "zhd", "{844100E9-1960-4BA8-A82F-627992A1EBFB}"
EndProject
Project("{FAE04EC0-301F-11D3-BF4B-00C04F79EFBC}") = "dataBindTest", "zhd\dataBindTest\dataBindTest\dataBindTest.csproj", "{E1BDF7A9-2440-48A0-9CA8-0AF6C132C64D}"
EndProject
Project("{FAE04EC0-301F-11D3-BF4B-00C04F79EFBC}") = "Mesh_Transform_Demo", "Mesh_Transform_Demo\Mesh_Transform_Demo.csproj", "{DA023A2D-5F2E-44F7-9663-7415D533FAA0}"
EndProject
Project("{FAE04EC0-301F-11D3-BF4B-00C04F79EFBC}") = "WPF3DHelper", "util\WPF3DHelper\WPF3DHelper.csproj", "{0E219C80-80EF-434C-B9E3-79C1B8B4AC33}"
EndProject
Project("{FAE04EC0-301F-11D3-BF4B-00C04F79EFBC}") = "TestForWPF3DHelper", "util\TestForWPF3DHelper\TestForWPF3DHelper.csproj", "{507A7914-36AA-4145-A765-A95DFAA706CA}"
EndProject
Project("{FAE04EC0-301F-11D3-BF4B-00C04F79EFBC}") = "TestForScene", "util\TestForScene\TestForScene.csproj", "{BDD476DD-2AC7-4FCB-B99B-2123E04B72F7}"
EndProject
Project("{FAE04EC0-301F-11D3-BF4B-00C04F79EFBC}") = "LYF", "LYF\LYF.csproj", "{1E3E6B15-05B9-4F6A-BA17-BFB590B26913}"
EndProject
Project("{FAE04EC0-301F-11D3-BF4B-00C04F79EFBC}") = "LzkWPF3D", "LzkWPF3D\LzkWPF3D.csproj", "{22ACE3AA-2561-4280-8882-0A133F904B16}"
EndProject
Project("{FAE04EC0-301F-11D3-BF4B-00C04F79EFBC}") = "HitTestDemo", "position\HitTestDemo\HitTestDemo.csproj", "{9CB9ADBF-C555-4CD2-8A51-D1733385CD19}"
EndProject
Project("{FAE04EC0-301F-11D3-BF4B-00C04F79EFBC}") = "MolecularThermalmotion", "demo\MolecularThermalmotion\MolecularThermalmotion.csproj", "{320D93A5-D430-414B-B938-F10AB97A0537}"
EndProject
Project("{FAE04EC0-301F-11D3-BF4B-00C04F79EFBC}") = "CalculateGridInSurfaceEngine", "util\CalculateGridInSurfaceEngine\CalculateGridInSurfaceEngine.csproj", "{16B06048-36A5-4FD4-8204-DEF655D4E738}"
EndProject
Project("{FAE04EC0-301F-11D3-BF4B-00C04F79EFBC}") = "TestForCalculateGridInSurface", "util\TestForCalculateGridInSurface\TestForCalculateGridInSurface.csproj", "{69169E5D-D7E1-45B4-8839-5334A17979A3}"
EndProject
Global
	GlobalSection(SolutionConfigurationPlatforms) = preSolution
		Debug|Any CPU = Debug|Any CPU
		DebugSnk|Any CPU = DebugSnk|Any CPU
		Release|Any CPU = Release|Any CPU
		ReleaseSnk|Any CPU = ReleaseSnk|Any CPU
	EndGlobalSection
	GlobalSection(ProjectConfigurationPlatforms) = postSolution
		{985A5D54-AB5F-4894-9650-CEC35E1184AE}.Debug|Any CPU.ActiveCfg = Debug|Any CPU
		{985A5D54-AB5F-4894-9650-CEC35E1184AE}.Debug|Any CPU.Build.0 = Debug|Any CPU
		{985A5D54-AB5F-4894-9650-CEC35E1184AE}.DebugSnk|Any CPU.ActiveCfg = Debug|Any CPU
		{985A5D54-AB5F-4894-9650-CEC35E1184AE}.DebugSnk|Any CPU.Build.0 = Debug|Any CPU
		{985A5D54-AB5F-4894-9650-CEC35E1184AE}.Release|Any CPU.ActiveCfg = Release|Any CPU
		{985A5D54-AB5F-4894-9650-CEC35E1184AE}.Release|Any CPU.Build.0 = Release|Any CPU
		{985A5D54-AB5F-4894-9650-CEC35E1184AE}.ReleaseSnk|Any CPU.ActiveCfg = Release|Any CPU
		{985A5D54-AB5F-4894-9650-CEC35E1184AE}.ReleaseSnk|Any CPU.Build.0 = Release|Any CPU
		{C80FB464-53EE-4FCA-9472-C88D33C54D67}.Debug|Any CPU.ActiveCfg = Debug|Any CPU
		{C80FB464-53EE-4FCA-9472-C88D33C54D67}.Debug|Any CPU.Build.0 = Debug|Any CPU
		{C80FB464-53EE-4FCA-9472-C88D33C54D67}.DebugSnk|Any CPU.ActiveCfg = Debug|Any CPU
		{C80FB464-53EE-4FCA-9472-C88D33C54D67}.DebugSnk|Any CPU.Build.0 = Debug|Any CPU
		{C80FB464-53EE-4FCA-9472-C88D33C54D67}.Release|Any CPU.ActiveCfg = Release|Any CPU
		{C80FB464-53EE-4FCA-9472-C88D33C54D67}.Release|Any CPU.Build.0 = Release|Any CPU
		{C80FB464-53EE-4FCA-9472-C88D33C54D67}.ReleaseSnk|Any CPU.ActiveCfg = Release|Any CPU
		{C80FB464-53EE-4FCA-9472-C88D33C54D67}.ReleaseSnk|Any CPU.Build.0 = Release|Any CPU
		{59CA1B2C-40F6-427D-92AC-EC7ED1C1DC25}.Debug|Any CPU.ActiveCfg = Debug|Any CPU
		{59CA1B2C-40F6-427D-92AC-EC7ED1C1DC25}.Debug|Any CPU.Build.0 = Debug|Any CPU
		{59CA1B2C-40F6-427D-92AC-EC7ED1C1DC25}.DebugSnk|Any CPU.ActiveCfg = Debug|Any CPU
		{59CA1B2C-40F6-427D-92AC-EC7ED1C1DC25}.DebugSnk|Any CPU.Build.0 = Debug|Any CPU
		{59CA1B2C-40F6-427D-92AC-EC7ED1C1DC25}.Release|Any CPU.ActiveCfg = Release|Any CPU
		{59CA1B2C-40F6-427D-92AC-EC7ED1C1DC25}.Release|Any CPU.Build.0 = Release|Any CPU
		{59CA1B2C-40F6-427D-92AC-EC7ED1C1DC25}.ReleaseSnk|Any CPU.ActiveCfg = Release|Any CPU
		{59CA1B2C-40F6-427D-92AC-EC7ED1C1DC25}.ReleaseSnk|Any CPU.Build.0 = Release|Any CPU
		{5F603892-DE40-4246-A969-1C6717AFE35D}.Debug|Any CPU.ActiveCfg = Debug|Any CPU
		{5F603892-DE40-4246-A969-1C6717AFE35D}.Debug|Any CPU.Build.0 = Debug|Any CPU
		{5F603892-DE40-4246-A969-1C6717AFE35D}.DebugSnk|Any CPU.ActiveCfg = Debug|Any CPU
		{5F603892-DE40-4246-A969-1C6717AFE35D}.DebugSnk|Any CPU.Build.0 = Debug|Any CPU
		{5F603892-DE40-4246-A969-1C6717AFE35D}.Release|Any CPU.ActiveCfg = Release|Any CPU
		{5F603892-DE40-4246-A969-1C6717AFE35D}.Release|Any CPU.Build.0 = Release|Any CPU
		{5F603892-DE40-4246-A969-1C6717AFE35D}.ReleaseSnk|Any CPU.ActiveCfg = Release|Any CPU
		{5F603892-DE40-4246-A969-1C6717AFE35D}.ReleaseSnk|Any CPU.Build.0 = Release|Any CPU
		{19FC4939-5269-4B1E-93BF-569D3E14A9B0}.Debug|Any CPU.ActiveCfg = Debug|Any CPU
		{19FC4939-5269-4B1E-93BF-569D3E14A9B0}.Debug|Any CPU.Build.0 = Debug|Any CPU
		{19FC4939-5269-4B1E-93BF-569D3E14A9B0}.DebugSnk|Any CPU.ActiveCfg = Debug|Any CPU
		{19FC4939-5269-4B1E-93BF-569D3E14A9B0}.DebugSnk|Any CPU.Build.0 = Debug|Any CPU
		{19FC4939-5269-4B1E-93BF-569D3E14A9B0}.Release|Any CPU.ActiveCfg = Release|Any CPU
		{19FC4939-5269-4B1E-93BF-569D3E14A9B0}.Release|Any CPU.Build.0 = Release|Any CPU
		{19FC4939-5269-4B1E-93BF-569D3E14A9B0}.ReleaseSnk|Any CPU.ActiveCfg = Release|Any CPU
		{19FC4939-5269-4B1E-93BF-569D3E14A9B0}.ReleaseSnk|Any CPU.Build.0 = Release|Any CPU
		{34860E9C-F566-4F14-BFB9-45F6B37503F9}.Debug|Any CPU.ActiveCfg = Debug|Any CPU
		{34860E9C-F566-4F14-BFB9-45F6B37503F9}.Debug|Any CPU.Build.0 = Debug|Any CPU
		{34860E9C-F566-4F14-BFB9-45F6B37503F9}.DebugSnk|Any CPU.ActiveCfg = Debug|Any CPU
		{34860E9C-F566-4F14-BFB9-45F6B37503F9}.DebugSnk|Any CPU.Build.0 = Debug|Any CPU
		{34860E9C-F566-4F14-BFB9-45F6B37503F9}.Release|Any CPU.ActiveCfg = Release|Any CPU
		{34860E9C-F566-4F14-BFB9-45F6B37503F9}.Release|Any CPU.Build.0 = Release|Any CPU
		{34860E9C-F566-4F14-BFB9-45F6B37503F9}.ReleaseSnk|Any CPU.ActiveCfg = Release|Any CPU
		{34860E9C-F566-4F14-BFB9-45F6B37503F9}.ReleaseSnk|Any CPU.Build.0 = Release|Any CPU
		{F1121E62-AE79-4460-9419-E74F19C011F7}.Debug|Any CPU.ActiveCfg = Debug|Any CPU
		{F1121E62-AE79-4460-9419-E74F19C011F7}.Debug|Any CPU.Build.0 = Debug|Any CPU
		{F1121E62-AE79-4460-9419-E74F19C011F7}.DebugSnk|Any CPU.ActiveCfg = Debug|Any CPU
		{F1121E62-AE79-4460-9419-E74F19C011F7}.DebugSnk|Any CPU.Build.0 = Debug|Any CPU
		{F1121E62-AE79-4460-9419-E74F19C011F7}.Release|Any CPU.ActiveCfg = Release|Any CPU
		{F1121E62-AE79-4460-9419-E74F19C011F7}.Release|Any CPU.Build.0 = Release|Any CPU
		{F1121E62-AE79-4460-9419-E74F19C011F7}.ReleaseSnk|Any CPU.ActiveCfg = Release|Any CPU
		{F1121E62-AE79-4460-9419-E74F19C011F7}.ReleaseSnk|Any CPU.Build.0 = Release|Any CPU
		{BEBED159-4DB6-4550-8342-7F3607177B71}.Debug|Any CPU.ActiveCfg = Debug|Any CPU
		{BEBED159-4DB6-4550-8342-7F3607177B71}.Debug|Any CPU.Build.0 = Debug|Any CPU
		{BEBED159-4DB6-4550-8342-7F3607177B71}.DebugSnk|Any CPU.ActiveCfg = Debug|Any CPU
		{BEBED159-4DB6-4550-8342-7F3607177B71}.DebugSnk|Any CPU.Build.0 = Debug|Any CPU
		{BEBED159-4DB6-4550-8342-7F3607177B71}.Release|Any CPU.ActiveCfg = Release|Any CPU
		{BEBED159-4DB6-4550-8342-7F3607177B71}.Release|Any CPU.Build.0 = Release|Any CPU
		{BEBED159-4DB6-4550-8342-7F3607177B71}.ReleaseSnk|Any CPU.ActiveCfg = Release|Any CPU
		{BEBED159-4DB6-4550-8342-7F3607177B71}.ReleaseSnk|Any CPU.Build.0 = Release|Any CPU
		{36FC5D55-98C6-4EC8-A8CE-8168D42C3BBE}.Debug|Any CPU.ActiveCfg = Debug|Any CPU
		{36FC5D55-98C6-4EC8-A8CE-8168D42C3BBE}.Debug|Any CPU.Build.0 = Debug|Any CPU
		{36FC5D55-98C6-4EC8-A8CE-8168D42C3BBE}.DebugSnk|Any CPU.ActiveCfg = Debug|Any CPU
		{36FC5D55-98C6-4EC8-A8CE-8168D42C3BBE}.DebugSnk|Any CPU.Build.0 = Debug|Any CPU
		{36FC5D55-98C6-4EC8-A8CE-8168D42C3BBE}.Release|Any CPU.ActiveCfg = Release|Any CPU
		{36FC5D55-98C6-4EC8-A8CE-8168D42C3BBE}.Release|Any CPU.Build.0 = Release|Any CPU
		{36FC5D55-98C6-4EC8-A8CE-8168D42C3BBE}.ReleaseSnk|Any CPU.ActiveCfg = Release|Any CPU
		{36FC5D55-98C6-4EC8-A8CE-8168D42C3BBE}.ReleaseSnk|Any CPU.Build.0 = Release|Any CPU
		{4C2AF699-DDA9-4788-B12B-2EE9C6E9BFBA}.Debug|Any CPU.ActiveCfg = Debug|Any CPU
		{4C2AF699-DDA9-4788-B12B-2EE9C6E9BFBA}.Debug|Any CPU.Build.0 = Debug|Any CPU
		{4C2AF699-DDA9-4788-B12B-2EE9C6E9BFBA}.DebugSnk|Any CPU.ActiveCfg = Debug|Any CPU
		{4C2AF699-DDA9-4788-B12B-2EE9C6E9BFBA}.DebugSnk|Any CPU.Build.0 = Debug|Any CPU
		{4C2AF699-DDA9-4788-B12B-2EE9C6E9BFBA}.Release|Any CPU.ActiveCfg = Release|Any CPU
		{4C2AF699-DDA9-4788-B12B-2EE9C6E9BFBA}.Release|Any CPU.Build.0 = Release|Any CPU
		{4C2AF699-DDA9-4788-B12B-2EE9C6E9BFBA}.ReleaseSnk|Any CPU.ActiveCfg = Release|Any CPU
		{4C2AF699-DDA9-4788-B12B-2EE9C6E9BFBA}.ReleaseSnk|Any CPU.Build.0 = Release|Any CPU
		{57A88133-03B3-4A40-B07A-9C3200CC197C}.Debug|Any CPU.ActiveCfg = Debug|Any CPU
		{57A88133-03B3-4A40-B07A-9C3200CC197C}.Debug|Any CPU.Build.0 = Debug|Any CPU
		{57A88133-03B3-4A40-B07A-9C3200CC197C}.DebugSnk|Any CPU.ActiveCfg = Debug|Any CPU
		{57A88133-03B3-4A40-B07A-9C3200CC197C}.DebugSnk|Any CPU.Build.0 = Debug|Any CPU
		{57A88133-03B3-4A40-B07A-9C3200CC197C}.Release|Any CPU.ActiveCfg = Release|Any CPU
		{57A88133-03B3-4A40-B07A-9C3200CC197C}.Release|Any CPU.Build.0 = Release|Any CPU
		{57A88133-03B3-4A40-B07A-9C3200CC197C}.ReleaseSnk|Any CPU.ActiveCfg = Release|Any CPU
		{57A88133-03B3-4A40-B07A-9C3200CC197C}.ReleaseSnk|Any CPU.Build.0 = Release|Any CPU
		{4BF77085-D5EA-4759-A0C6-2B22C7A46712}.Debug|Any CPU.ActiveCfg = Debug|Any CPU
		{4BF77085-D5EA-4759-A0C6-2B22C7A46712}.Debug|Any CPU.Build.0 = Debug|Any CPU
		{4BF77085-D5EA-4759-A0C6-2B22C7A46712}.DebugSnk|Any CPU.ActiveCfg = Debug|Any CPU
		{4BF77085-D5EA-4759-A0C6-2B22C7A46712}.DebugSnk|Any CPU.Build.0 = Debug|Any CPU
		{4BF77085-D5EA-4759-A0C6-2B22C7A46712}.Release|Any CPU.ActiveCfg = Release|Any CPU
		{4BF77085-D5EA-4759-A0C6-2B22C7A46712}.Release|Any CPU.Build.0 = Release|Any CPU
		{4BF77085-D5EA-4759-A0C6-2B22C7A46712}.ReleaseSnk|Any CPU.ActiveCfg = Release|Any CPU
		{4BF77085-D5EA-4759-A0C6-2B22C7A46712}.ReleaseSnk|Any CPU.Build.0 = Release|Any CPU
		{573E3438-EED3-495B-8044-7D4614FF05D4}.Debug|Any CPU.ActiveCfg = Debug|Any CPU
		{573E3438-EED3-495B-8044-7D4614FF05D4}.Debug|Any CPU.Build.0 = Debug|Any CPU
		{573E3438-EED3-495B-8044-7D4614FF05D4}.DebugSnk|Any CPU.ActiveCfg = Debug|Any CPU
		{573E3438-EED3-495B-8044-7D4614FF05D4}.DebugSnk|Any CPU.Build.0 = Debug|Any CPU
		{573E3438-EED3-495B-8044-7D4614FF05D4}.Release|Any CPU.ActiveCfg = Release|Any CPU
		{573E3438-EED3-495B-8044-7D4614FF05D4}.Release|Any CPU.Build.0 = Release|Any CPU
		{573E3438-EED3-495B-8044-7D4614FF05D4}.ReleaseSnk|Any CPU.ActiveCfg = Release|Any CPU
		{573E3438-EED3-495B-8044-7D4614FF05D4}.ReleaseSnk|Any CPU.Build.0 = Release|Any CPU
		{7EFF7B63-BC2F-44B1-A2FB-8BD3F8D2E3A3}.Debug|Any CPU.ActiveCfg = Debug|Any CPU
		{7EFF7B63-BC2F-44B1-A2FB-8BD3F8D2E3A3}.Debug|Any CPU.Build.0 = Debug|Any CPU
		{7EFF7B63-BC2F-44B1-A2FB-8BD3F8D2E3A3}.DebugSnk|Any CPU.ActiveCfg = Debug|Any CPU
		{7EFF7B63-BC2F-44B1-A2FB-8BD3F8D2E3A3}.Release|Any CPU.ActiveCfg = Release|Any CPU
		{7EFF7B63-BC2F-44B1-A2FB-8BD3F8D2E3A3}.Release|Any CPU.Build.0 = Release|Any CPU
		{7EFF7B63-BC2F-44B1-A2FB-8BD3F8D2E3A3}.ReleaseSnk|Any CPU.ActiveCfg = Release|Any CPU
		{688EAD30-72EB-493C-B073-A0E8F9C71AAB}.Debug|Any CPU.ActiveCfg = Debug|Any CPU
		{688EAD30-72EB-493C-B073-A0E8F9C71AAB}.Debug|Any CPU.Build.0 = Debug|Any CPU
		{688EAD30-72EB-493C-B073-A0E8F9C71AAB}.DebugSnk|Any CPU.ActiveCfg = Debug|Any CPU
		{688EAD30-72EB-493C-B073-A0E8F9C71AAB}.DebugSnk|Any CPU.Build.0 = Debug|Any CPU
		{688EAD30-72EB-493C-B073-A0E8F9C71AAB}.Release|Any CPU.ActiveCfg = Release|Any CPU
		{688EAD30-72EB-493C-B073-A0E8F9C71AAB}.Release|Any CPU.Build.0 = Release|Any CPU
		{688EAD30-72EB-493C-B073-A0E8F9C71AAB}.ReleaseSnk|Any CPU.ActiveCfg = Release|Any CPU
		{688EAD30-72EB-493C-B073-A0E8F9C71AAB}.ReleaseSnk|Any CPU.Build.0 = Release|Any CPU
		{D70489CD-ABDA-48FF-BD1E-BE3F7495BE71}.Debug|Any CPU.ActiveCfg = Debug|Any CPU
		{D70489CD-ABDA-48FF-BD1E-BE3F7495BE71}.Debug|Any CPU.Build.0 = Debug|Any CPU
		{D70489CD-ABDA-48FF-BD1E-BE3F7495BE71}.DebugSnk|Any CPU.ActiveCfg = DebugSnk|Any CPU
		{D70489CD-ABDA-48FF-BD1E-BE3F7495BE71}.DebugSnk|Any CPU.Build.0 = DebugSnk|Any CPU
		{D70489CD-ABDA-48FF-BD1E-BE3F7495BE71}.Release|Any CPU.ActiveCfg = Release|Any CPU
		{D70489CD-ABDA-48FF-BD1E-BE3F7495BE71}.Release|Any CPU.Build.0 = Release|Any CPU
		{D70489CD-ABDA-48FF-BD1E-BE3F7495BE71}.ReleaseSnk|Any CPU.ActiveCfg = ReleaseSnk|Any CPU
		{D70489CD-ABDA-48FF-BD1E-BE3F7495BE71}.ReleaseSnk|Any CPU.Build.0 = ReleaseSnk|Any CPU
		{4AF5D061-3389-4305-ADF2-6633B7B3F6D4}.Debug|Any CPU.ActiveCfg = Debug|Any CPU
		{4AF5D061-3389-4305-ADF2-6633B7B3F6D4}.Debug|Any CPU.Build.0 = Debug|Any CPU
		{4AF5D061-3389-4305-ADF2-6633B7B3F6D4}.DebugSnk|Any CPU.ActiveCfg = Debug|Any CPU
		{4AF5D061-3389-4305-ADF2-6633B7B3F6D4}.DebugSnk|Any CPU.Build.0 = Debug|Any CPU
		{4AF5D061-3389-4305-ADF2-6633B7B3F6D4}.Release|Any CPU.ActiveCfg = Release|Any CPU
		{4AF5D061-3389-4305-ADF2-6633B7B3F6D4}.Release|Any CPU.Build.0 = Release|Any CPU
		{4AF5D061-3389-4305-ADF2-6633B7B3F6D4}.ReleaseSnk|Any CPU.ActiveCfg = Release|Any CPU
		{4AF5D061-3389-4305-ADF2-6633B7B3F6D4}.ReleaseSnk|Any CPU.Build.0 = Release|Any CPU
		{79B38618-22AB-4E47-AE79-27760B5E0578}.Debug|Any CPU.ActiveCfg = Debug|Any CPU
		{79B38618-22AB-4E47-AE79-27760B5E0578}.Debug|Any CPU.Build.0 = Debug|Any CPU
		{79B38618-22AB-4E47-AE79-27760B5E0578}.DebugSnk|Any CPU.ActiveCfg = Debug|Any CPU
		{79B38618-22AB-4E47-AE79-27760B5E0578}.DebugSnk|Any CPU.Build.0 = Debug|Any CPU
		{79B38618-22AB-4E47-AE79-27760B5E0578}.Release|Any CPU.ActiveCfg = Release|Any CPU
		{79B38618-22AB-4E47-AE79-27760B5E0578}.Release|Any CPU.Build.0 = Release|Any CPU
		{79B38618-22AB-4E47-AE79-27760B5E0578}.ReleaseSnk|Any CPU.ActiveCfg = Release|Any CPU
		{79B38618-22AB-4E47-AE79-27760B5E0578}.ReleaseSnk|Any CPU.Build.0 = Release|Any CPU
		{C0B19265-2047-42F5-AC09-1516A77F1F55}.Debug|Any CPU.ActiveCfg = Debug|Any CPU
		{C0B19265-2047-42F5-AC09-1516A77F1F55}.Debug|Any CPU.Build.0 = Debug|Any CPU
		{C0B19265-2047-42F5-AC09-1516A77F1F55}.DebugSnk|Any CPU.ActiveCfg = Debug|Any CPU
		{C0B19265-2047-42F5-AC09-1516A77F1F55}.DebugSnk|Any CPU.Build.0 = Debug|Any CPU
		{C0B19265-2047-42F5-AC09-1516A77F1F55}.Release|Any CPU.ActiveCfg = Release|Any CPU
		{C0B19265-2047-42F5-AC09-1516A77F1F55}.Release|Any CPU.Build.0 = Release|Any CPU
		{C0B19265-2047-42F5-AC09-1516A77F1F55}.ReleaseSnk|Any CPU.ActiveCfg = Release|Any CPU
		{C0B19265-2047-42F5-AC09-1516A77F1F55}.ReleaseSnk|Any CPU.Build.0 = Release|Any CPU
		{E1BDF7A9-2440-48A0-9CA8-0AF6C132C64D}.Debug|Any CPU.ActiveCfg = Debug|Any CPU
		{E1BDF7A9-2440-48A0-9CA8-0AF6C132C64D}.Debug|Any CPU.Build.0 = Debug|Any CPU
		{E1BDF7A9-2440-48A0-9CA8-0AF6C132C64D}.DebugSnk|Any CPU.ActiveCfg = Debug|Any CPU
		{E1BDF7A9-2440-48A0-9CA8-0AF6C132C64D}.DebugSnk|Any CPU.Build.0 = Debug|Any CPU
		{E1BDF7A9-2440-48A0-9CA8-0AF6C132C64D}.Release|Any CPU.ActiveCfg = Release|Any CPU
		{E1BDF7A9-2440-48A0-9CA8-0AF6C132C64D}.Release|Any CPU.Build.0 = Release|Any CPU
		{E1BDF7A9-2440-48A0-9CA8-0AF6C132C64D}.ReleaseSnk|Any CPU.ActiveCfg = Release|Any CPU
		{E1BDF7A9-2440-48A0-9CA8-0AF6C132C64D}.ReleaseSnk|Any CPU.Build.0 = Release|Any CPU
		{DA023A2D-5F2E-44F7-9663-7415D533FAA0}.Debug|Any CPU.ActiveCfg = Debug|Any CPU
		{DA023A2D-5F2E-44F7-9663-7415D533FAA0}.Debug|Any CPU.Build.0 = Debug|Any CPU
		{DA023A2D-5F2E-44F7-9663-7415D533FAA0}.DebugSnk|Any CPU.ActiveCfg = Debug|Any CPU
		{DA023A2D-5F2E-44F7-9663-7415D533FAA0}.DebugSnk|Any CPU.Build.0 = Debug|Any CPU
		{DA023A2D-5F2E-44F7-9663-7415D533FAA0}.Release|Any CPU.ActiveCfg = Release|Any CPU
		{DA023A2D-5F2E-44F7-9663-7415D533FAA0}.Release|Any CPU.Build.0 = Release|Any CPU
		{DA023A2D-5F2E-44F7-9663-7415D533FAA0}.ReleaseSnk|Any CPU.ActiveCfg = Release|Any CPU
		{DA023A2D-5F2E-44F7-9663-7415D533FAA0}.ReleaseSnk|Any CPU.Build.0 = Release|Any CPU
		{0E219C80-80EF-434C-B9E3-79C1B8B4AC33}.Debug|Any CPU.ActiveCfg = Debug|Any CPU
		{0E219C80-80EF-434C-B9E3-79C1B8B4AC33}.Debug|Any CPU.Build.0 = Debug|Any CPU
		{0E219C80-80EF-434C-B9E3-79C1B8B4AC33}.DebugSnk|Any CPU.ActiveCfg = Debug|Any CPU
		{0E219C80-80EF-434C-B9E3-79C1B8B4AC33}.DebugSnk|Any CPU.Build.0 = Debug|Any CPU
		{0E219C80-80EF-434C-B9E3-79C1B8B4AC33}.Release|Any CPU.ActiveCfg = Release|Any CPU
		{0E219C80-80EF-434C-B9E3-79C1B8B4AC33}.Release|Any CPU.Build.0 = Release|Any CPU
		{0E219C80-80EF-434C-B9E3-79C1B8B4AC33}.ReleaseSnk|Any CPU.ActiveCfg = Release|Any CPU
		{0E219C80-80EF-434C-B9E3-79C1B8B4AC33}.ReleaseSnk|Any CPU.Build.0 = Release|Any CPU
		{507A7914-36AA-4145-A765-A95DFAA706CA}.Debug|Any CPU.ActiveCfg = Debug|Any CPU
		{507A7914-36AA-4145-A765-A95DFAA706CA}.Debug|Any CPU.Build.0 = Debug|Any CPU
		{507A7914-36AA-4145-A765-A95DFAA706CA}.DebugSnk|Any CPU.ActiveCfg = Debug|Any CPU
		{507A7914-36AA-4145-A765-A95DFAA706CA}.DebugSnk|Any CPU.Build.0 = Debug|Any CPU
		{507A7914-36AA-4145-A765-A95DFAA706CA}.Release|Any CPU.ActiveCfg = Release|Any CPU
		{507A7914-36AA-4145-A765-A95DFAA706CA}.Release|Any CPU.Build.0 = Release|Any CPU
		{507A7914-36AA-4145-A765-A95DFAA706CA}.ReleaseSnk|Any CPU.ActiveCfg = Release|Any CPU
		{507A7914-36AA-4145-A765-A95DFAA706CA}.ReleaseSnk|Any CPU.Build.0 = Release|Any CPU
		{BDD476DD-2AC7-4FCB-B99B-2123E04B72F7}.Debug|Any CPU.ActiveCfg = Debug|Any CPU
		{BDD476DD-2AC7-4FCB-B99B-2123E04B72F7}.Debug|Any CPU.Build.0 = Debug|Any CPU
		{BDD476DD-2AC7-4FCB-B99B-2123E04B72F7}.DebugSnk|Any CPU.ActiveCfg = Debug|Any CPU
		{BDD476DD-2AC7-4FCB-B99B-2123E04B72F7}.DebugSnk|Any CPU.Build.0 = Debug|Any CPU
		{BDD476DD-2AC7-4FCB-B99B-2123E04B72F7}.Release|Any CPU.ActiveCfg = Release|Any CPU
		{BDD476DD-2AC7-4FCB-B99B-2123E04B72F7}.Release|Any CPU.Build.0 = Release|Any CPU
		{BDD476DD-2AC7-4FCB-B99B-2123E04B72F7}.ReleaseSnk|Any CPU.ActiveCfg = Release|Any CPU
		{BDD476DD-2AC7-4FCB-B99B-2123E04B72F7}.ReleaseSnk|Any CPU.Build.0 = Release|Any CPU
		{1E3E6B15-05B9-4F6A-BA17-BFB590B26913}.Debug|Any CPU.ActiveCfg = Debug|Any CPU
		{1E3E6B15-05B9-4F6A-BA17-BFB590B26913}.Debug|Any CPU.Build.0 = Debug|Any CPU
		{1E3E6B15-05B9-4F6A-BA17-BFB590B26913}.DebugSnk|Any CPU.ActiveCfg = Debug|Any CPU
		{1E3E6B15-05B9-4F6A-BA17-BFB590B26913}.DebugSnk|Any CPU.Build.0 = Debug|Any CPU
		{1E3E6B15-05B9-4F6A-BA17-BFB590B26913}.Release|Any CPU.ActiveCfg = Release|Any CPU
		{1E3E6B15-05B9-4F6A-BA17-BFB590B26913}.Release|Any CPU.Build.0 = Release|Any CPU
		{1E3E6B15-05B9-4F6A-BA17-BFB590B26913}.ReleaseSnk|Any CPU.ActiveCfg = Release|Any CPU
		{1E3E6B15-05B9-4F6A-BA17-BFB590B26913}.ReleaseSnk|Any CPU.Build.0 = Release|Any CPU
		{22ACE3AA-2561-4280-8882-0A133F904B16}.Debug|Any CPU.ActiveCfg = Debug|Any CPU
		{22ACE3AA-2561-4280-8882-0A133F904B16}.Debug|Any CPU.Build.0 = Debug|Any CPU
		{22ACE3AA-2561-4280-8882-0A133F904B16}.DebugSnk|Any CPU.ActiveCfg = Debug|Any CPU
		{22ACE3AA-2561-4280-8882-0A133F904B16}.DebugSnk|Any CPU.Build.0 = Debug|Any CPU
		{22ACE3AA-2561-4280-8882-0A133F904B16}.Release|Any CPU.ActiveCfg = Release|Any CPU
		{22ACE3AA-2561-4280-8882-0A133F904B16}.Release|Any CPU.Build.0 = Release|Any CPU
		{22ACE3AA-2561-4280-8882-0A133F904B16}.ReleaseSnk|Any CPU.ActiveCfg = Release|Any CPU
		{22ACE3AA-2561-4280-8882-0A133F904B16}.ReleaseSnk|Any CPU.Build.0 = Release|Any CPU
		{9CB9ADBF-C555-4CD2-8A51-D1733385CD19}.Debug|Any CPU.ActiveCfg = Debug|Any CPU
		{9CB9ADBF-C555-4CD2-8A51-D1733385CD19}.Debug|Any CPU.Build.0 = Debug|Any CPU
		{9CB9ADBF-C555-4CD2-8A51-D1733385CD19}.DebugSnk|Any CPU.ActiveCfg = Debug|Any CPU
		{9CB9ADBF-C555-4CD2-8A51-D1733385CD19}.DebugSnk|Any CPU.Build.0 = Debug|Any CPU
		{9CB9ADBF-C555-4CD2-8A51-D1733385CD19}.Release|Any CPU.ActiveCfg = Release|Any CPU
		{9CB9ADBF-C555-4CD2-8A51-D1733385CD19}.Release|Any CPU.Build.0 = Release|Any CPU
		{9CB9ADBF-C555-4CD2-8A51-D1733385CD19}.ReleaseSnk|Any CPU.ActiveCfg = Release|Any CPU
		{9CB9ADBF-C555-4CD2-8A51-D1733385CD19}.ReleaseSnk|Any CPU.Build.0 = Release|Any CPU
		{320D93A5-D430-414B-B938-F10AB97A0537}.Debug|Any CPU.ActiveCfg = Debug|Any CPU
		{320D93A5-D430-414B-B938-F10AB97A0537}.Debug|Any CPU.Build.0 = Debug|Any CPU
		{320D93A5-D430-414B-B938-F10AB97A0537}.DebugSnk|Any CPU.ActiveCfg = Debug|Any CPU
		{320D93A5-D430-414B-B938-F10AB97A0537}.DebugSnk|Any CPU.Build.0 = Debug|Any CPU
		{320D93A5-D430-414B-B938-F10AB97A0537}.Release|Any CPU.ActiveCfg = Release|Any CPU
		{320D93A5-D430-414B-B938-F10AB97A0537}.Release|Any CPU.Build.0 = Release|Any CPU
		{320D93A5-D430-414B-B938-F10AB97A0537}.ReleaseSnk|Any CPU.ActiveCfg = Release|Any CPU
		{320D93A5-D430-414B-B938-F10AB97A0537}.ReleaseSnk|Any CPU.Build.0 = Release|Any CPU
		{16B06048-36A5-4FD4-8204-DEF655D4E738}.Debug|Any CPU.ActiveCfg = Debug|Any CPU
		{16B06048-36A5-4FD4-8204-DEF655D4E738}.Debug|Any CPU.Build.0 = Debug|Any CPU
		{16B06048-36A5-4FD4-8204-DEF655D4E738}.DebugSnk|Any CPU.ActiveCfg = Debug|Any CPU
		{16B06048-36A5-4FD4-8204-DEF655D4E738}.DebugSnk|Any CPU.Build.0 = Debug|Any CPU
		{16B06048-36A5-4FD4-8204-DEF655D4E738}.Release|Any CPU.ActiveCfg = Release|Any CPU
		{16B06048-36A5-4FD4-8204-DEF655D4E738}.Release|Any CPU.Build.0 = Release|Any CPU
		{16B06048-36A5-4FD4-8204-DEF655D4E738}.ReleaseSnk|Any CPU.ActiveCfg = Release|Any CPU
		{16B06048-36A5-4FD4-8204-DEF655D4E738}.ReleaseSnk|Any CPU.Build.0 = Release|Any CPU
		{69169E5D-D7E1-45B4-8839-5334A17979A3}.Debug|Any CPU.ActiveCfg = Debug|Any CPU
		{69169E5D-D7E1-45B4-8839-5334A17979A3}.Debug|Any CPU.Build.0 = Debug|Any CPU
		{69169E5D-D7E1-45B4-8839-5334A17979A3}.DebugSnk|Any CPU.ActiveCfg = Debug|Any CPU
		{69169E5D-D7E1-45B4-8839-5334A17979A3}.DebugSnk|Any CPU.Build.0 = Debug|Any CPU
		{69169E5D-D7E1-45B4-8839-5334A17979A3}.Release|Any CPU.ActiveCfg = Release|Any CPU
		{69169E5D-D7E1-45B4-8839-5334A17979A3}.Release|Any CPU.Build.0 = Release|Any CPU
		{69169E5D-D7E1-45B4-8839-5334A17979A3}.ReleaseSnk|Any CPU.ActiveCfg = Release|Any CPU
		{69169E5D-D7E1-45B4-8839-5334A17979A3}.ReleaseSnk|Any CPU.Build.0 = Release|Any CPU
	EndGlobalSection
	GlobalSection(SolutionProperties) = preSolution
		HideSolutionNode = FALSE
	EndGlobalSection
	GlobalSection(NestedProjects) = preSolution
		{5D67D356-322B-4FC5-95BA-F719CC1DE1A7} = {32ABA65F-2606-4EF9-960D-4BB3020EF488}
		{9848F168-C985-423B-BDD9-862363482DBB} = {32ABA65F-2606-4EF9-960D-4BB3020EF488}
		{85F4ECA0-CB7B-4808-8A8A-DFF94511C93E} = {32ABA65F-2606-4EF9-960D-4BB3020EF488}
		{3025432B-8929-4EDE-A41F-EC16B62ABCDF} = {32ABA65F-2606-4EF9-960D-4BB3020EF488}
		{EE8958BC-A44F-4919-A92E-8688F4BC7F32} = {32ABA65F-2606-4EF9-960D-4BB3020EF488}
		{844100E9-1960-4BA8-A82F-627992A1EBFB} = {32ABA65F-2606-4EF9-960D-4BB3020EF488}
		{DA023A2D-5F2E-44F7-9663-7415D533FAA0} = {32ABA65F-2606-4EF9-960D-4BB3020EF488}
		{D5937E94-31EA-4499-8402-826751A934D4} = {5D67D356-322B-4FC5-95BA-F719CC1DE1A7}
		{40F91EB7-8CD9-4161-8EAA-A06EDB410D16} = {5D67D356-322B-4FC5-95BA-F719CC1DE1A7}
		{B6BF021D-8762-4FBE-85E9-3D85BEE18B84} = {5D67D356-322B-4FC5-95BA-F719CC1DE1A7}
		{320D93A5-D430-414B-B938-F10AB97A0537} = {9848F168-C985-423B-BDD9-862363482DBB}
		{0EF011F5-8CD9-4C90-B73A-22BD3C1DB7D4} = {85F4ECA0-CB7B-4808-8A8A-DFF94511C93E}
		{460037C1-4754-46A4-BA00-263B0E8ADC6B} = {85F4ECA0-CB7B-4808-8A8A-DFF94511C93E}
		{30FCF2BF-A0B6-41C4-8C65-EB2B84F441C5} = {85F4ECA0-CB7B-4808-8A8A-DFF94511C93E}
		{92375906-2B79-410E-9E5C-8F6F14487650} = {85F4ECA0-CB7B-4808-8A8A-DFF94511C93E}
		{985A5D54-AB5F-4894-9650-CEC35E1184AE} = {3025432B-8929-4EDE-A41F-EC16B62ABCDF}
		{C80FB464-53EE-4FCA-9472-C88D33C54D67} = {3025432B-8929-4EDE-A41F-EC16B62ABCDF}
		{79B38618-22AB-4E47-AE79-27760B5E0578} = {3025432B-8929-4EDE-A41F-EC16B62ABCDF}
		{9CB9ADBF-C555-4CD2-8A51-D1733385CD19} = {3025432B-8929-4EDE-A41F-EC16B62ABCDF}
		{573E3438-EED3-495B-8044-7D4614FF05D4} = {EE8958BC-A44F-4919-A92E-8688F4BC7F32}
		{7EFF7B63-BC2F-44B1-A2FB-8BD3F8D2E3A3} = {EE8958BC-A44F-4919-A92E-8688F4BC7F32}
		{0E219C80-80EF-434C-B9E3-79C1B8B4AC33} = {EE8958BC-A44F-4919-A92E-8688F4BC7F32}
		{507A7914-36AA-4145-A765-A95DFAA706CA} = {EE8958BC-A44F-4919-A92E-8688F4BC7F32}
		{BDD476DD-2AC7-4FCB-B99B-2123E04B72F7} = {EE8958BC-A44F-4919-A92E-8688F4BC7F32}
		{16B06048-36A5-4FD4-8204-DEF655D4E738} = {EE8958BC-A44F-4919-A92E-8688F4BC7F32}
		{69169E5D-D7E1-45B4-8839-5334A17979A3} = {EE8958BC-A44F-4919-A92E-8688F4BC7F32}
		{69943CEE-CEAD-4A6C-B0CD-CE97BEC08379} = {62C1F3BE-43C4-49AF-A19F-B040CC8E704C}
		{6D1E6207-AC7B-4856-AD3A-C45B1047EBE1} = {62C1F3BE-43C4-49AF-A19F-B040CC8E704C}
		{925F8332-0218-4E38-B7CA-6F29EB420095} = {62C1F3BE-43C4-49AF-A19F-B040CC8E704C}
		{E436E86B-3AB6-4A9F-AC95-EC7828245715} = {62C1F3BE-43C4-49AF-A19F-B040CC8E704C}
		{4A051559-59F6-4F38-8321-C25FD74059BF} = {62C1F3BE-43C4-49AF-A19F-B040CC8E704C}
		{36FC5D55-98C6-4EC8-A8CE-8168D42C3BBE} = {69943CEE-CEAD-4A6C-B0CD-CE97BEC08379}
		{4C2AF699-DDA9-4788-B12B-2EE9C6E9BFBA} = {69943CEE-CEAD-4A6C-B0CD-CE97BEC08379}
		{57A88133-03B3-4A40-B07A-9C3200CC197C} = {69943CEE-CEAD-4A6C-B0CD-CE97BEC08379}
		{A39A090C-D4D8-4042-87CC-93D25E6FBD03} = {69943CEE-CEAD-4A6C-B0CD-CE97BEC08379}
		{4AF5D061-3389-4305-ADF2-6633B7B3F6D4} = {69943CEE-CEAD-4A6C-B0CD-CE97BEC08379}
		{3324DF8B-6F1E-42BF-B22A-2F2C46BA7E55} = {6D1E6207-AC7B-4856-AD3A-C45B1047EBE1}
		{BEBED159-4DB6-4550-8342-7F3607177B71} = {0EF011F5-8CD9-4C90-B73A-22BD3C1DB7D4}
		{59CA1B2C-40F6-427D-92AC-EC7ED1C1DC25} = {460037C1-4754-46A4-BA00-263B0E8ADC6B}
		{5F603892-DE40-4246-A969-1C6717AFE35D} = {30FCF2BF-A0B6-41C4-8C65-EB2B84F441C5}
		{19FC4939-5269-4B1E-93BF-569D3E14A9B0} = {92375906-2B79-410E-9E5C-8F6F14487650}
		{34860E9C-F566-4F14-BFB9-45F6B37503F9} = {92375906-2B79-410E-9E5C-8F6F14487650}
		{F1121E62-AE79-4460-9419-E74F19C011F7} = {92375906-2B79-410E-9E5C-8F6F14487650}
		{4BF77085-D5EA-4759-A0C6-2B22C7A46712} = {A39A090C-D4D8-4042-87CC-93D25E6FBD03}
		{688EAD30-72EB-493C-B073-A0E8F9C71AAB} = {D5937E94-31EA-4499-8402-826751A934D4}
		{C0B19265-2047-42F5-AC09-1516A77F1F55} = {D5937E94-31EA-4499-8402-826751A934D4}
		{146E9C34-9E6B-47C3-A89B-10AFA899F3F2} = {4A051559-59F6-4F38-8321-C25FD74059BF}
		{D70489CD-ABDA-48FF-BD1E-BE3F7495BE71} = {146E9C34-9E6B-47C3-A89B-10AFA899F3F2}
		{E1BDF7A9-2440-48A0-9CA8-0AF6C132C64D} = {844100E9-1960-4BA8-A82F-627992A1EBFB}
	EndGlobalSection
EndGlobal
