
Microsoft Visual Studio Solution File, Format Version 10.00
# Visual Studio 2008
Project("{FAE04EC0-301F-11D3-BF4B-00C04F79EFBC}") = "MicroPayment.Model", "MicroPayment.Model\MicroPayment.Model.csproj", "{9BDE38AA-32E9-4185-B7CC-E5210282D63C}"
EndProject
Project("{FAE04EC0-301F-11D3-BF4B-00C04F79EFBC}") = "MicroPayment.IDAL", "MicroPayment.IDAL\MicroPayment.IDAL.csproj", "{36F1B7B0-7085-451B-B94F-EDC2D838D17A}"
EndProject
Project("{FAE04EC0-301F-11D3-BF4B-00C04F79EFBC}") = "MicroPayment.BLL", "MicroPayment.BLL\MicroPayment.BLL.csproj", "{8BD4137B-1084-40DD-A8A2-005D10164A21}"
EndProject
Project("{FAE04EC0-301F-11D3-BF4B-00C04F79EFBC}") = "MicroPayment.DALFactory", "MicroPayment.DALFactory\MicroPayment.DALFactory.csproj", "{72888E31-7235-41F3-86F1-0828D18F4472}"
EndProject
Project("{FAE04EC0-301F-11D3-BF4B-00C04F79EFBC}") = "MicroPayment.SQLServer", "MicroPayment.SqlServer\MicroPayment.SQLServer.csproj", "{A061DB5F-1D93-4932-955D-6A6C14CB742F}"
EndProject
Project("{FAE04EC0-301F-11D3-BF4B-00C04F79EFBC}") = "MicroPayment.Web", "MicroPayment.Web\MicroPayment.Web.csproj", "{22B330C9-3889-4853-BD94-BF20DEDD2B7E}"
EndProject
Global
	GlobalSection(SolutionConfigurationPlatforms) = preSolution
		Debug|Any CPU = Debug|Any CPU
		Release|Any CPU = Release|Any CPU
	EndGlobalSection
	GlobalSection(ProjectConfigurationPlatforms) = postSolution
		{9BDE38AA-32E9-4185-B7CC-E5210282D63C}.Debug|Any CPU.ActiveCfg = Debug|Any CPU
		{9BDE38AA-32E9-4185-B7CC-E5210282D63C}.Debug|Any CPU.Build.0 = Debug|Any CPU
		{9BDE38AA-32E9-4185-B7CC-E5210282D63C}.Release|Any CPU.ActiveCfg = Release|Any CPU
		{9BDE38AA-32E9-4185-B7CC-E5210282D63C}.Release|Any CPU.Build.0 = Release|Any CPU
		{36F1B7B0-7085-451B-B94F-EDC2D838D17A}.Debug|Any CPU.ActiveCfg = Debug|Any CPU
		{36F1B7B0-7085-451B-B94F-EDC2D838D17A}.Debug|Any CPU.Build.0 = Debug|Any CPU
		{36F1B7B0-7085-451B-B94F-EDC2D838D17A}.Release|Any CPU.ActiveCfg = Release|Any CPU
		{36F1B7B0-7085-451B-B94F-EDC2D838D17A}.Release|Any CPU.Build.0 = Release|Any CPU
		{8BD4137B-1084-40DD-A8A2-005D10164A21}.Debug|Any CPU.ActiveCfg = Debug|Any CPU
		{8BD4137B-1084-40DD-A8A2-005D10164A21}.Debug|Any CPU.Build.0 = Debug|Any CPU
		{8BD4137B-1084-40DD-A8A2-005D10164A21}.Release|Any CPU.ActiveCfg = Release|Any CPU
		{8BD4137B-1084-40DD-A8A2-005D10164A21}.Release|Any CPU.Build.0 = Release|Any CPU
		{72888E31-7235-41F3-86F1-0828D18F4472}.Debug|Any CPU.ActiveCfg = Debug|Any CPU
		{72888E31-7235-41F3-86F1-0828D18F4472}.Debug|Any CPU.Build.0 = Debug|Any CPU
		{72888E31-7235-41F3-86F1-0828D18F4472}.Release|Any CPU.ActiveCfg = Release|Any CPU
		{72888E31-7235-41F3-86F1-0828D18F4472}.Release|Any CPU.Build.0 = Release|Any CPU
		{A061DB5F-1D93-4932-955D-6A6C14CB742F}.Debug|Any CPU.ActiveCfg = Debug|Any CPU
		{A061DB5F-1D93-4932-955D-6A6C14CB742F}.Debug|Any CPU.Build.0 = Debug|Any CPU
		{A061DB5F-1D93-4932-955D-6A6C14CB742F}.Release|Any CPU.ActiveCfg = Release|Any CPU
		{A061DB5F-1D93-4932-955D-6A6C14CB742F}.Release|Any CPU.Build.0 = Release|Any CPU
		{22B330C9-3889-4853-BD94-BF20DEDD2B7E}.Debug|Any CPU.ActiveCfg = Debug|Any CPU
		{22B330C9-3889-4853-BD94-BF20DEDD2B7E}.Debug|Any CPU.Build.0 = Debug|Any CPU
		{22B330C9-3889-4853-BD94-BF20DEDD2B7E}.Release|Any CPU.ActiveCfg = Release|Any CPU
		{22B330C9-3889-4853-BD94-BF20DEDD2B7E}.Release|Any CPU.Build.0 = Release|Any CPU
	EndGlobalSection
	GlobalSection(SolutionProperties) = preSolution
		HideSolutionNode = FALSE
	EndGlobalSection
EndGlobal
