
Microsoft Visual Studio Solution File, Format Version 10.00
# Visual Studio 2008
Project("{FAE04EC0-301F-11D3-BF4B-00C04F79EFBC}") = "SilverlightApplication1", "SilverlightApplication1\SilverlightApplication1.csproj", "{5C9DA057-6229-44D5-87BA-0CBD3996842A}"
EndProject
Project("{E24C65DC-7377-472B-9ABA-BC803B73C61A}") = "SilverlightApplication1_Web", "SilverlightApplication1_Web\", "{EABDE947-AA3D-4DA4-BEAB-9E752B7AF884}"
	ProjectSection(WebsiteProperties) = preProject
		TargetFramework = "3.5"
		Debug.AspNetCompiler.VirtualPath = "/SilverlightApplication1_Web"
		Debug.AspNetCompiler.PhysicalPath = "SilverlightApplication1_Web\"
		Debug.AspNetCompiler.TargetPath = "PrecompiledWeb\SilverlightApplication1_Web\"
		Debug.AspNetCompiler.Updateable = "true"
		Debug.AspNetCompiler.ForceOverwrite = "true"
		Debug.AspNetCompiler.FixedNames = "false"
		Debug.AspNetCompiler.Debug = "True"
		Release.AspNetCompiler.VirtualPath = "/SilverlightApplication1_Web"
		Release.AspNetCompiler.PhysicalPath = "SilverlightApplication1_Web\"
		Release.AspNetCompiler.TargetPath = "PrecompiledWeb\SilverlightApplication1_Web\"
		Release.AspNetCompiler.Updateable = "true"
		Release.AspNetCompiler.ForceOverwrite = "true"
		Release.AspNetCompiler.FixedNames = "false"
		Release.AspNetCompiler.Debug = "False"
		VWDPort = "4082"
		DefaultWebSiteLanguage = "Visual C#"
		ProjOutputReferences = "{5C9DA057-6229-44D5-87BA-0CBD3996842A}|;"
	EndProjectSection
EndProject
Global
	GlobalSection(SolutionConfigurationPlatforms) = preSolution
		Debug|.NET = Debug|.NET
		Debug|Any CPU = Debug|Any CPU
		Debug|Mixed Platforms = Debug|Mixed Platforms
		Release|.NET = Release|.NET
		Release|Any CPU = Release|Any CPU
		Release|Mixed Platforms = Release|Mixed Platforms
	EndGlobalSection
	GlobalSection(ProjectConfigurationPlatforms) = postSolution
		{5C9DA057-6229-44D5-87BA-0CBD3996842A}.Debug|.NET.ActiveCfg = Debug|Any CPU
		{5C9DA057-6229-44D5-87BA-0CBD3996842A}.Debug|Any CPU.ActiveCfg = Debug|Any CPU
		{5C9DA057-6229-44D5-87BA-0CBD3996842A}.Debug|Any CPU.Build.0 = Debug|Any CPU
		{5C9DA057-6229-44D5-87BA-0CBD3996842A}.Debug|Mixed Platforms.ActiveCfg = Debug|Any CPU
		{5C9DA057-6229-44D5-87BA-0CBD3996842A}.Debug|Mixed Platforms.Build.0 = Debug|Any CPU
		{5C9DA057-6229-44D5-87BA-0CBD3996842A}.Release|.NET.ActiveCfg = Release|Any CPU
		{5C9DA057-6229-44D5-87BA-0CBD3996842A}.Release|Any CPU.ActiveCfg = Release|Any CPU
		{5C9DA057-6229-44D5-87BA-0CBD3996842A}.Release|Any CPU.Build.0 = Release|Any CPU
		{5C9DA057-6229-44D5-87BA-0CBD3996842A}.Release|Mixed Platforms.ActiveCfg = Release|Any CPU
		{5C9DA057-6229-44D5-87BA-0CBD3996842A}.Release|Mixed Platforms.Build.0 = Release|Any CPU
		{EABDE947-AA3D-4DA4-BEAB-9E752B7AF884}.Debug|.NET.ActiveCfg = Debug|.NET
		{EABDE947-AA3D-4DA4-BEAB-9E752B7AF884}.Debug|.NET.Build.0 = Debug|.NET
		{EABDE947-AA3D-4DA4-BEAB-9E752B7AF884}.Debug|Any CPU.ActiveCfg = Debug|.NET
		{EABDE947-AA3D-4DA4-BEAB-9E752B7AF884}.Debug|Mixed Platforms.ActiveCfg = Debug|.NET
		{EABDE947-AA3D-4DA4-BEAB-9E752B7AF884}.Debug|Mixed Platforms.Build.0 = Debug|.NET
		{EABDE947-AA3D-4DA4-BEAB-9E752B7AF884}.Release|.NET.ActiveCfg = Debug|.NET
		{EABDE947-AA3D-4DA4-BEAB-9E752B7AF884}.Release|.NET.Build.0 = Debug|.NET
		{EABDE947-AA3D-4DA4-BEAB-9E752B7AF884}.Release|Any CPU.ActiveCfg = Debug|.NET
		{EABDE947-AA3D-4DA4-BEAB-9E752B7AF884}.Release|Mixed Platforms.ActiveCfg = Debug|.NET
		{EABDE947-AA3D-4DA4-BEAB-9E752B7AF884}.Release|Mixed Platforms.Build.0 = Debug|.NET
	EndGlobalSection
	GlobalSection(SolutionProperties) = preSolution
		HideSolutionNode = FALSE
	EndGlobalSection
EndGlobal
