
Microsoft Visual Studio Solution File, Format Version 10.00
# Visual Studio 2008
Project("{2150E333-8FDC-42A3-9474-1A3956D46DE8}") = "positionSetVisualizersAndTest", "positionSetVisualizersAndTest", "{0E76B477-5BC0-4D54-80F0-50CACDCF8C09}"
EndProject
Project("{2150E333-8FDC-42A3-9474-1A3956D46DE8}") = "positionSetViewerAndTest", "positionSetViewerAndTest", "{C6C6D958-4C21-4524-B3B1-4FEE23019652}"
EndProject
Project("{2150E333-8FDC-42A3-9474-1A3956D46DE8}") = "AlgorithmDemoAndTest", "AlgorithmDemoAndTest", "{360D59CD-6C13-43F9-8BA0-E1258995026D}"
EndProject
Project("{2150E333-8FDC-42A3-9474-1A3956D46DE8}") = "randomAlgorithm", "randomAlgorithm", "{69D00103-D07F-43A0-97D2-AB12FFA8EDA5}"
EndProject
Project("{2150E333-8FDC-42A3-9474-1A3956D46DE8}") = "algorithm", "algorithm", "{24133B60-E096-4C89-8CBA-86F6974222E0}"
EndProject
Project("{2150E333-8FDC-42A3-9474-1A3956D46DE8}") = "nearestNeighbor", "nearestNeighbor", "{2B1E1508-60A9-469E-99D3-5B9AB751F244}"
EndProject
Project("{2150E333-8FDC-42A3-9474-1A3956D46DE8}") = "TestAndAnalyseForNN", "TestAndAnalyseForNN", "{A296A6B2-FA5F-477C-B872-0456BF6FF0E0}"
EndProject
Project("{2150E333-8FDC-42A3-9474-1A3956D46DE8}") = "m2mAlgorithm", "m2mAlgorithm", "{4F12AC50-8041-4C2B-AD5E-F22235E214D7}"
EndProject
Project("{2150E333-8FDC-42A3-9474-1A3956D46DE8}") = "WriteLineInGrid", "WriteLineInGrid", "{CB8CD873-CBA4-4DDF-A4ED-51A35C266D04}"
EndProject
Project("{2150E333-8FDC-42A3-9474-1A3956D46DE8}") = "TestAndAnalyseForWL", "TestAndAnalyseForWL", "{0C73EC8F-C1B2-432D-9EF3-B0A353C4D551}"
EndProject
Project("{2150E333-8FDC-42A3-9474-1A3956D46DE8}") = "convexHull", "convexHull", "{B410E7D1-507E-4BFD-9960-4E8BC15B1D23}"
EndProject
Project("{2150E333-8FDC-42A3-9474-1A3956D46DE8}") = "TestAndAnalyseForCH", "TestAndAnalyseForCH", "{C34E4396-050F-4584-8446-0E81A9540D1C}"
EndProject
Project("{2150E333-8FDC-42A3-9474-1A3956D46DE8}") = "pathfinding", "pathfinding", "{AEC94D64-A188-4503-AB03-64902C93BB6E}"
EndProject
Project("{2150E333-8FDC-42A3-9474-1A3956D46DE8}") = "TestAndAnalyseForPF", "TestAndAnalyseForPF", "{B66C7A37-6192-447D-B324-CD28A3533029}"
EndProject
Project("{2150E333-8FDC-42A3-9474-1A3956D46DE8}") = "curvePlotTool", "curvePlotTool", "{3CB4C596-CBF2-4F51-9EB5-C034B5DA9E44}"
EndProject
Project("{2150E333-8FDC-42A3-9474-1A3956D46DE8}") = "positionSetEditerAndTest", "positionSetEditerAndTest", "{3D4024FA-D531-4EFD-A6A7-10AB93D0337A}"
EndProject
Project("{2150E333-8FDC-42A3-9474-1A3956D46DE8}") = "position", "position", "{0FA1B8FF-2E51-487B-B32E-4B3E255F142F}"
EndProject
Project("{2150E333-8FDC-42A3-9474-1A3956D46DE8}") = "position_Connected", "position_Connected", "{AF2DFD03-3B91-4E17-B55D-FFE1745C5F49}"
EndProject
Project("{2150E333-8FDC-42A3-9474-1A3956D46DE8}") = "position", "position", "{BB1D7B9F-5FF9-4318-B155-B80B66CD6FD9}"
EndProject
Project("{FAE04EC0-301F-11D3-BF4B-00C04F79EFBC}") = "Position_Implement", "position\position\Position_Implement\Position_Implement.csproj", "{CC440EEB-10B5-4485-8C8C-1ADD3939E9C7}"
EndProject
Project("{FAE04EC0-301F-11D3-BF4B-00C04F79EFBC}") = "Position_Interface", "position\position\Position_Interface\Position_Interface.csproj", "{19FF4D00-F213-4283-A345-1C812ABE5850}"
EndProject
Project("{FAE04EC0-301F-11D3-BF4B-00C04F79EFBC}") = "RandomPositionSetGenerator", "position\position\RandomPositionSetGenerator\RandomPositionSetGenerator.csproj", "{E65A302C-D957-401D-B540-130989AC798B}"
EndProject
Project("{FAE04EC0-301F-11D3-BF4B-00C04F79EFBC}") = "TestForRandomPositionSet", "position\position\TestForRandomPositionSet\TestForRandomPositionSet.csproj", "{2A10D4AA-523A-4D9D-B747-A48E363BBD25}"
EndProject
Project("{FAE04EC0-301F-11D3-BF4B-00C04F79EFBC}") = "Position_Connected_Interface", "position\position_Connected\Position_Connected_Interface\Position_Connected_Interface.csproj", "{A2A4DF30-D88D-4767-88A9-B57665F49740}"
EndProject
Project("{2150E333-8FDC-42A3-9474-1A3956D46DE8}") = "other", "other", "{04A6B79C-CD71-49F0-B28B-F7DC0D5B456C}"
EndProject
Project("{FAE04EC0-301F-11D3-BF4B-00C04F79EFBC}") = "PositionSetEditer", "position\positionSetEditerAndTest\PositionSetEditer\PositionSetEditer.csproj", "{3BE84660-352A-4A37-A703-2A80F5881554}"
EndProject
Project("{FAE04EC0-301F-11D3-BF4B-00C04F79EFBC}") = "TestForPositionSetEditer", "position\positionSetEditerAndTest\TestForPositionSetEditer\TestForPositionSetEditer.csproj", "{98DA4A87-CFFE-4B2F-A14A-1CEA7528C563}"
EndProject
Project("{FAE04EC0-301F-11D3-BF4B-00C04F79EFBC}") = "PositionSetDrawer", "position\positionSetViewerAndTest\PositionSetDrawer\PositionSetDrawer.csproj", "{473F925A-CDAB-4860-BAFB-380E7216F6D2}"
EndProject
Project("{FAE04EC0-301F-11D3-BF4B-00C04F79EFBC}") = "PositionSetViewer", "position\positionSetViewerAndTest\PositionSetViewer\PositionSetViewer.csproj", "{AFE94F13-C09F-475D-9D67-4A31CCF48042}"
EndProject
Project("{FAE04EC0-301F-11D3-BF4B-00C04F79EFBC}") = "TestForPositionSetViewer", "position\positionSetViewerAndTest\TestForPositionSetViewer\TestForPositionSetViewer.csproj", "{E4803347-2E23-4A88-927F-DF3B0891F488}"
EndProject
Project("{2150E333-8FDC-42A3-9474-1A3956D46DE8}") = "util", "util", "{D2FA4D81-EC57-45AC-ABD2-10F4DB6D90A4}"
EndProject
Project("{FAE04EC0-301F-11D3-BF4B-00C04F79EFBC}") = "Configuration", "util\Configuration\Configuration.csproj", "{36FC5D55-98C6-4EC8-A8CE-8168D42C3BBE}"
EndProject
Project("{FAE04EC0-301F-11D3-BF4B-00C04F79EFBC}") = "CountTimeTool", "util\CountTimeTool\CountTimeTool.csproj", "{57A88133-03B3-4A40-B07A-9C3200CC197C}"
EndProject
Project("{FAE04EC0-301F-11D3-BF4B-00C04F79EFBC}") = "TestForTime", "util\TestForTime\TestForTime.csproj", "{F2733F3F-75C0-424E-8F4F-D8966598E4AF}"
EndProject
Project("{FAE04EC0-301F-11D3-BF4B-00C04F79EFBC}") = "PositionSetUtils", "util\PositionSetUtils\PositionSetUtils.csproj", "{85FB5812-D551-4AE8-B6B2-17C40D0F0983}"
EndProject
Project("{FAE04EC0-301F-11D3-BF4B-00C04F79EFBC}") = "TestForPositionSetUtils", "util\TestForPositionSetUtils\TestForPositionSetUtils.csproj", "{71D434E6-332D-4613-A1F4-2C6A5654D228}"
EndProject
Project("{FAE04EC0-301F-11D3-BF4B-00C04F79EFBC}") = "KDT", "algorithm\nearestNeighbor\KDT\KDT.csproj", "{B1AD5EB0-27D5-462D-8781-E45F2DD44CDE}"
EndProject
Project("{FAE04EC0-301F-11D3-BF4B-00C04F79EFBC}") = "NearestNeighbor", "algorithm\nearestNeighbor\NearestNeighbor\NearestNeighbor.csproj", "{31E2BBD4-4E51-4790-B81F-B71BA5246B3E}"
EndProject
Project("{FAE04EC0-301F-11D3-BF4B-00C04F79EFBC}") = "AnalyseForTime", "algorithm\nearestNeighbor\AnalyseForTime\AnalyseForTime.csproj", "{D4ABC5D1-6157-4989-BC24-3F3EF4F6C033}"
EndProject
Project("{FAE04EC0-301F-11D3-BF4B-00C04F79EFBC}") = "TestForCorrectness", "algorithm\nearestNeighbor\TestForCorrectness\TestForCorrectness.csproj", "{30173FAE-3584-4265-8ABB-22F19A01C3A2}"
EndProject
Project("{FAE04EC0-301F-11D3-BF4B-00C04F79EFBC}") = "TestInGUI", "algorithm\nearestNeighbor\TestInGUI\TestInGUI.csproj", "{67143AE9-4282-4309-A0B0-6C9511075E2A}"
EndProject
Project("{FAE04EC0-301F-11D3-BF4B-00C04F79EFBC}") = "AnalyseTimeForCH", "algorithm\convexHull\AnalyseTimeForCH\AnalyseTimeForCH.csproj", "{5CD5D472-10A5-4C85-A7DB-7F21CE6099C3}"
EndProject
Project("{FAE04EC0-301F-11D3-BF4B-00C04F79EFBC}") = "Recognition", "algorithm\convexHull\Recognition\Recognition.csproj", "{81052221-85E5-4EBB-9894-D36C6A90E1EB}"
EndProject
Project("{FAE04EC0-301F-11D3-BF4B-00C04F79EFBC}") = "TestForConvexHull", "algorithm\convexHull\TestConvexHull\TestForConvexHull.csproj", "{B345B0E7-3248-4970-8F8C-7ADED43DB38F}"
EndProject
Project("{FAE04EC0-301F-11D3-BF4B-00C04F79EFBC}") = "ConvexHullEngine", "algorithm\convexHull\ConvexHullEngine\ConvexHullEngine.csproj", "{14A59065-D97F-44F1-8529-F8AE07906593}"
EndProject
Project("{FAE04EC0-301F-11D3-BF4B-00C04F79EFBC}") = "GrahamScanAlgorithm", "algorithm\convexHull\GrahamScanAlgorithm\GrahamScanAlgorithm.csproj", "{0126EAEE-91A3-438D-8502-5484C9D77F5B}"
EndProject
Project("{FAE04EC0-301F-11D3-BF4B-00C04F79EFBC}") = "JarvisMatchAlgorithm", "algorithm\convexHull\JarvisMatchAlgorithm\JarvisMatchAlgorithm.csproj", "{FBA093FB-E928-420F-9B84-1A31E293A894}"
EndProject
Project("{FAE04EC0-301F-11D3-BF4B-00C04F79EFBC}") = "QuickHullAlgorithm", "algorithm\convexHull\QuickHullAlgorithm\QuickHullAlgorithm.csproj", "{0F2944D7-29B8-4083-BD60-7010BA5436C1}"
EndProject
Project("{FAE04EC0-301F-11D3-BF4B-00C04F79EFBC}") = "CurvePlotDrawer", "util\CurvePlotTool\CurvePlot\CurvePlotDrawer.csproj", "{724AFCF5-074C-4615-82CC-E3F103005E6F}"
EndProject
Project("{FAE04EC0-301F-11D3-BF4B-00C04F79EFBC}") = "TestForCurvePlot", "util\CurvePlotTool\TestForCurvePlot\TestForCurvePlot.csproj", "{F2A85951-6940-4AA2-B203-72B30381AF8F}"
EndProject
Project("{FAE04EC0-301F-11D3-BF4B-00C04F79EFBC}") = "TestForWriteLineInGridAlgorithm", "algorithm\m2mAlgorithm\TestForWriteLineInGridAlgorithm\TestForWriteLineInGridAlgorithm.csproj", "{412C3AC8-C891-4FD3-879F-979DB0F8ADC7}"
EndProject
Project("{FAE04EC0-301F-11D3-BF4B-00C04F79EFBC}") = "BlockLineAlgorithm", "algorithm\m2mAlgorithm\BlockLineAlgorithm\BlockLineAlgorithm.csproj", "{FCBFC918-4081-477E-8172-80B47C06E82B}"
EndProject
Project("{FAE04EC0-301F-11D3-BF4B-00C04F79EFBC}") = "WriteLineInGridEngine", "algorithm\m2mAlgorithm\WriteLineInGridEngine\WriteLineInGridEngine.csproj", "{D9F036CD-C384-40D7-8419-65DB4C16C00B}"
EndProject
Project("{FAE04EC0-301F-11D3-BF4B-00C04F79EFBC}") = "M2M", "algorithm\m2mAlgorithm\M2M\M2M.csproj", "{6692443A-2630-4701-AE88-1665F2FB8768}"
EndProject
Project("{FAE04EC0-301F-11D3-BF4B-00C04F79EFBC}") = "TestForM2MPF", "algorithm\m2mAlgorithm\TestForM2MPF\TestForM2MPF.csproj", "{D9D683B8-41D9-4250-9034-E45A200A52A1}"
EndProject
Project("{2150E333-8FDC-42A3-9474-1A3956D46DE8}") = "demo", "demo", "{D0C4D6FA-D482-4B86-A0C2-FC70335BE14D}"
EndProject
Project("{FAE04EC0-301F-11D3-BF4B-00C04F79EFBC}") = "AlgorithmDemo", "demo\AlgorithmDemo\AlgorithmDemo.csproj", "{0F64832F-C49B-4323-BF32-D46F5CA1DCB3}"
EndProject
Project("{FAE04EC0-301F-11D3-BF4B-00C04F79EFBC}") = "TestForAlgorithmDemo", "demo\TestForAlgorithmDemo\TestForAlgorithmDemo.csproj", "{F8E42C51-87D4-4D8B-B0BF-1C7BE174878F}"
EndProject
Project("{FAE04EC0-301F-11D3-BF4B-00C04F79EFBC}") = "RandomMakerAlgorithm", "util\RandomAlgorithm\RandomMakerAlgorithm\RandomMakerAlgorithm.csproj", "{FC8AFA68-4FE1-48CE-B445-EBEFC75D111F}"
EndProject
Project("{FAE04EC0-301F-11D3-BF4B-00C04F79EFBC}") = "TestRandom", "util\RandomAlgorithm\TestRandom\TestRandom.csproj", "{A48F3375-C551-44A1-9761-C3B3DEFC0DE3}"
EndProject
Project("{FAE04EC0-301F-11D3-BF4B-00C04F79EFBC}") = "Troschuetz.Random", "util\RandomAlgorithm\Troschuetz.Random\Troschuetz.Random.csproj", "{4BF77085-D5EA-4759-A0C6-2B22C7A46712}"
EndProject
Project("{FAE04EC0-301F-11D3-BF4B-00C04F79EFBC}") = "PositionSetVisualizers", "position\positionSetVisualizersAndTest\PositionSetVisualizer\PositionSetVisualizers.csproj", "{F4A43C41-53D4-4CD5-8E75-F7B970CD9FC6}"
EndProject
Project("{FAE04EC0-301F-11D3-BF4B-00C04F79EFBC}") = "TestForPositionSetVisualizer", "position\positionSetVisualizersAndTest\TestForPositionSetVisualizer\TestForPositionSetVisualizer.csproj", "{F6745A4B-85D3-4BB3-9BD2-BC55C7E6F671}"
EndProject
Project("{FAE04EC0-301F-11D3-BF4B-00C04F79EFBC}") = "FunctionDemo", "demo\FunctionDemo\FunctionDemo.csproj", "{513DE98B-5241-4982-85D0-ACE53DB5E38F}"
EndProject
Project("{FAE04EC0-301F-11D3-BF4B-00C04F79EFBC}") = "Position_Connected_Implement", "position\position_Connected\Position_Connected_Implement\Position_Connected_Implement.csproj", "{BA7885E1-0246-4F08-9BB1-859ED96AD589}"
EndProject
Project("{FAE04EC0-301F-11D3-BF4B-00C04F79EFBC}") = "BFS_AStarforGrid", "algorithm\pathfinding\BFS_AStarforGrid\BFS_AStarforGrid.csproj", "{86303370-B729-44C8-A4FA-C218ABA121BB}"
EndProject
Project("{FAE04EC0-301F-11D3-BF4B-00C04F79EFBC}") = "ColorDemo", "algorithm\pathfinding\ColorDemo\ColorDemo.csproj", "{E4790123-B6EB-4D00-88FE-172AC2673701}"
EndProject
Project("{FAE04EC0-301F-11D3-BF4B-00C04F79EFBC}") = "DataStructure", "util\DataStructure\DataStructure.csproj", "{4AF5D061-3389-4305-ADF2-6633B7B3F6D4}"
EndProject
Project("{FAE04EC0-301F-11D3-BF4B-00C04F79EFBC}") = "GridMap_Demo", "algorithm\pathfinding\GridMap_Demo\GridMap_Demo.csproj", "{2342FA33-02A7-409E-9B09-201905F70737}"
EndProject
Project("{FAE04EC0-301F-11D3-BF4B-00C04F79EFBC}") = "NodesMapEditor", "algorithm\pathfinding\NodesMapEditor\NodesMapEditor.csproj", "{57CFCCFD-62D5-43A2-A93B-05715EDBCC29}"
EndProject
Project("{FAE04EC0-301F-11D3-BF4B-00C04F79EFBC}") = "PositionSet_Connected_EditorDemo", "algorithm\pathfinding\PositionSet_Connected_EditorDemo\PositionSet_Connected_EditorDemo.csproj", "{59400DE5-FBB1-4211-85E8-5E0CBEF2B0D5}"
EndProject
Project("{FAE04EC0-301F-11D3-BF4B-00C04F79EFBC}") = "PositionSet_Connected_ViewerDemo", "algorithm\pathfinding\PositionSet_Connected_ViewerDemo\PositionSet_Connected_ViewerDemo.csproj", "{6C22C8F9-176B-45AD-80F7-9B5553A5A7AE}"
EndProject
Project("{FAE04EC0-301F-11D3-BF4B-00C04F79EFBC}") = "SearchEngineLibrary", "algorithm\pathfinding\SearchEngineLibrary\SearchEngineLibrary.csproj", "{73898E77-5313-4A08-A456-0795B1E548BF}"
EndProject
Project("{FAE04EC0-301F-11D3-BF4B-00C04F79EFBC}") = "DrawingLib", "util\DrawingLib\DrawingLib.csproj", "{4C2AF699-DDA9-4788-B12B-2EE9C6E9BFBA}"
EndProject
Project("{2150E333-8FDC-42A3-9474-1A3956D46DE8}") = "2007", "2007", "{38B01386-CDED-4856-9900-B874A10956E8}"
EndProject
Global
	GlobalSection(SolutionConfigurationPlatforms) = preSolution
		Debug|Any CPU = Debug|Any CPU
		Release|Any CPU = Release|Any CPU
	EndGlobalSection
	GlobalSection(ProjectConfigurationPlatforms) = postSolution
		{CC440EEB-10B5-4485-8C8C-1ADD3939E9C7}.Debug|Any CPU.ActiveCfg = Debug|Any CPU
		{CC440EEB-10B5-4485-8C8C-1ADD3939E9C7}.Debug|Any CPU.Build.0 = Debug|Any CPU
		{CC440EEB-10B5-4485-8C8C-1ADD3939E9C7}.Release|Any CPU.ActiveCfg = Release|Any CPU
		{CC440EEB-10B5-4485-8C8C-1ADD3939E9C7}.Release|Any CPU.Build.0 = Release|Any CPU
		{19FF4D00-F213-4283-A345-1C812ABE5850}.Debug|Any CPU.ActiveCfg = Debug|Any CPU
		{19FF4D00-F213-4283-A345-1C812ABE5850}.Debug|Any CPU.Build.0 = Debug|Any CPU
		{19FF4D00-F213-4283-A345-1C812ABE5850}.Release|Any CPU.ActiveCfg = Release|Any CPU
		{19FF4D00-F213-4283-A345-1C812ABE5850}.Release|Any CPU.Build.0 = Release|Any CPU
		{E65A302C-D957-401D-B540-130989AC798B}.Debug|Any CPU.ActiveCfg = Debug|Any CPU
		{E65A302C-D957-401D-B540-130989AC798B}.Debug|Any CPU.Build.0 = Debug|Any CPU
		{E65A302C-D957-401D-B540-130989AC798B}.Release|Any CPU.ActiveCfg = Release|Any CPU
		{E65A302C-D957-401D-B540-130989AC798B}.Release|Any CPU.Build.0 = Release|Any CPU
		{2A10D4AA-523A-4D9D-B747-A48E363BBD25}.Debug|Any CPU.ActiveCfg = Debug|Any CPU
		{2A10D4AA-523A-4D9D-B747-A48E363BBD25}.Debug|Any CPU.Build.0 = Debug|Any CPU
		{2A10D4AA-523A-4D9D-B747-A48E363BBD25}.Release|Any CPU.ActiveCfg = Release|Any CPU
		{2A10D4AA-523A-4D9D-B747-A48E363BBD25}.Release|Any CPU.Build.0 = Release|Any CPU
		{A2A4DF30-D88D-4767-88A9-B57665F49740}.Debug|Any CPU.ActiveCfg = Debug|Any CPU
		{A2A4DF30-D88D-4767-88A9-B57665F49740}.Debug|Any CPU.Build.0 = Debug|Any CPU
		{A2A4DF30-D88D-4767-88A9-B57665F49740}.Release|Any CPU.ActiveCfg = Release|Any CPU
		{A2A4DF30-D88D-4767-88A9-B57665F49740}.Release|Any CPU.Build.0 = Release|Any CPU
		{3BE84660-352A-4A37-A703-2A80F5881554}.Debug|Any CPU.ActiveCfg = Debug|Any CPU
		{3BE84660-352A-4A37-A703-2A80F5881554}.Debug|Any CPU.Build.0 = Debug|Any CPU
		{3BE84660-352A-4A37-A703-2A80F5881554}.Release|Any CPU.ActiveCfg = Release|Any CPU
		{3BE84660-352A-4A37-A703-2A80F5881554}.Release|Any CPU.Build.0 = Release|Any CPU
		{98DA4A87-CFFE-4B2F-A14A-1CEA7528C563}.Debug|Any CPU.ActiveCfg = Debug|Any CPU
		{98DA4A87-CFFE-4B2F-A14A-1CEA7528C563}.Debug|Any CPU.Build.0 = Debug|Any CPU
		{98DA4A87-CFFE-4B2F-A14A-1CEA7528C563}.Release|Any CPU.ActiveCfg = Release|Any CPU
		{98DA4A87-CFFE-4B2F-A14A-1CEA7528C563}.Release|Any CPU.Build.0 = Release|Any CPU
		{473F925A-CDAB-4860-BAFB-380E7216F6D2}.Debug|Any CPU.ActiveCfg = Debug|Any CPU
		{473F925A-CDAB-4860-BAFB-380E7216F6D2}.Debug|Any CPU.Build.0 = Debug|Any CPU
		{473F925A-CDAB-4860-BAFB-380E7216F6D2}.Release|Any CPU.ActiveCfg = Release|Any CPU
		{473F925A-CDAB-4860-BAFB-380E7216F6D2}.Release|Any CPU.Build.0 = Release|Any CPU
		{AFE94F13-C09F-475D-9D67-4A31CCF48042}.Debug|Any CPU.ActiveCfg = Debug|Any CPU
		{AFE94F13-C09F-475D-9D67-4A31CCF48042}.Debug|Any CPU.Build.0 = Debug|Any CPU
		{AFE94F13-C09F-475D-9D67-4A31CCF48042}.Release|Any CPU.ActiveCfg = Release|Any CPU
		{AFE94F13-C09F-475D-9D67-4A31CCF48042}.Release|Any CPU.Build.0 = Release|Any CPU
		{E4803347-2E23-4A88-927F-DF3B0891F488}.Debug|Any CPU.ActiveCfg = Debug|Any CPU
		{E4803347-2E23-4A88-927F-DF3B0891F488}.Debug|Any CPU.Build.0 = Debug|Any CPU
		{E4803347-2E23-4A88-927F-DF3B0891F488}.Release|Any CPU.ActiveCfg = Release|Any CPU
		{E4803347-2E23-4A88-927F-DF3B0891F488}.Release|Any CPU.Build.0 = Release|Any CPU
		{36FC5D55-98C6-4EC8-A8CE-8168D42C3BBE}.Debug|Any CPU.ActiveCfg = Debug|Any CPU
		{36FC5D55-98C6-4EC8-A8CE-8168D42C3BBE}.Debug|Any CPU.Build.0 = Debug|Any CPU
		{36FC5D55-98C6-4EC8-A8CE-8168D42C3BBE}.Release|Any CPU.ActiveCfg = Release|Any CPU
		{36FC5D55-98C6-4EC8-A8CE-8168D42C3BBE}.Release|Any CPU.Build.0 = Release|Any CPU
		{57A88133-03B3-4A40-B07A-9C3200CC197C}.Debug|Any CPU.ActiveCfg = Debug|Any CPU
		{57A88133-03B3-4A40-B07A-9C3200CC197C}.Debug|Any CPU.Build.0 = Debug|Any CPU
		{57A88133-03B3-4A40-B07A-9C3200CC197C}.Release|Any CPU.ActiveCfg = Release|Any CPU
		{57A88133-03B3-4A40-B07A-9C3200CC197C}.Release|Any CPU.Build.0 = Release|Any CPU
		{F2733F3F-75C0-424E-8F4F-D8966598E4AF}.Debug|Any CPU.ActiveCfg = Debug|Any CPU
		{F2733F3F-75C0-424E-8F4F-D8966598E4AF}.Debug|Any CPU.Build.0 = Debug|Any CPU
		{F2733F3F-75C0-424E-8F4F-D8966598E4AF}.Release|Any CPU.ActiveCfg = Release|Any CPU
		{F2733F3F-75C0-424E-8F4F-D8966598E4AF}.Release|Any CPU.Build.0 = Release|Any CPU
		{85FB5812-D551-4AE8-B6B2-17C40D0F0983}.Debug|Any CPU.ActiveCfg = Debug|Any CPU
		{85FB5812-D551-4AE8-B6B2-17C40D0F0983}.Debug|Any CPU.Build.0 = Debug|Any CPU
		{85FB5812-D551-4AE8-B6B2-17C40D0F0983}.Release|Any CPU.ActiveCfg = Release|Any CPU
		{85FB5812-D551-4AE8-B6B2-17C40D0F0983}.Release|Any CPU.Build.0 = Release|Any CPU
		{71D434E6-332D-4613-A1F4-2C6A5654D228}.Debug|Any CPU.ActiveCfg = Debug|Any CPU
		{71D434E6-332D-4613-A1F4-2C6A5654D228}.Debug|Any CPU.Build.0 = Debug|Any CPU
		{71D434E6-332D-4613-A1F4-2C6A5654D228}.Release|Any CPU.ActiveCfg = Release|Any CPU
		{71D434E6-332D-4613-A1F4-2C6A5654D228}.Release|Any CPU.Build.0 = Release|Any CPU
		{B1AD5EB0-27D5-462D-8781-E45F2DD44CDE}.Debug|Any CPU.ActiveCfg = Debug|Any CPU
		{B1AD5EB0-27D5-462D-8781-E45F2DD44CDE}.Debug|Any CPU.Build.0 = Debug|Any CPU
		{B1AD5EB0-27D5-462D-8781-E45F2DD44CDE}.Release|Any CPU.ActiveCfg = Release|Any CPU
		{B1AD5EB0-27D5-462D-8781-E45F2DD44CDE}.Release|Any CPU.Build.0 = Release|Any CPU
		{31E2BBD4-4E51-4790-B81F-B71BA5246B3E}.Debug|Any CPU.ActiveCfg = Debug|Any CPU
		{31E2BBD4-4E51-4790-B81F-B71BA5246B3E}.Debug|Any CPU.Build.0 = Debug|Any CPU
		{31E2BBD4-4E51-4790-B81F-B71BA5246B3E}.Release|Any CPU.ActiveCfg = Release|Any CPU
		{31E2BBD4-4E51-4790-B81F-B71BA5246B3E}.Release|Any CPU.Build.0 = Release|Any CPU
		{D4ABC5D1-6157-4989-BC24-3F3EF4F6C033}.Debug|Any CPU.ActiveCfg = Debug|Any CPU
		{D4ABC5D1-6157-4989-BC24-3F3EF4F6C033}.Debug|Any CPU.Build.0 = Debug|Any CPU
		{D4ABC5D1-6157-4989-BC24-3F3EF4F6C033}.Release|Any CPU.ActiveCfg = Release|Any CPU
		{D4ABC5D1-6157-4989-BC24-3F3EF4F6C033}.Release|Any CPU.Build.0 = Release|Any CPU
		{30173FAE-3584-4265-8ABB-22F19A01C3A2}.Debug|Any CPU.ActiveCfg = Debug|Any CPU
		{30173FAE-3584-4265-8ABB-22F19A01C3A2}.Debug|Any CPU.Build.0 = Debug|Any CPU
		{30173FAE-3584-4265-8ABB-22F19A01C3A2}.Release|Any CPU.ActiveCfg = Release|Any CPU
		{30173FAE-3584-4265-8ABB-22F19A01C3A2}.Release|Any CPU.Build.0 = Release|Any CPU
		{67143AE9-4282-4309-A0B0-6C9511075E2A}.Debug|Any CPU.ActiveCfg = Debug|Any CPU
		{67143AE9-4282-4309-A0B0-6C9511075E2A}.Debug|Any CPU.Build.0 = Debug|Any CPU
		{67143AE9-4282-4309-A0B0-6C9511075E2A}.Release|Any CPU.ActiveCfg = Release|Any CPU
		{67143AE9-4282-4309-A0B0-6C9511075E2A}.Release|Any CPU.Build.0 = Release|Any CPU
		{5CD5D472-10A5-4C85-A7DB-7F21CE6099C3}.Debug|Any CPU.ActiveCfg = Debug|Any CPU
		{5CD5D472-10A5-4C85-A7DB-7F21CE6099C3}.Debug|Any CPU.Build.0 = Debug|Any CPU
		{5CD5D472-10A5-4C85-A7DB-7F21CE6099C3}.Release|Any CPU.ActiveCfg = Release|Any CPU
		{5CD5D472-10A5-4C85-A7DB-7F21CE6099C3}.Release|Any CPU.Build.0 = Release|Any CPU
		{81052221-85E5-4EBB-9894-D36C6A90E1EB}.Debug|Any CPU.ActiveCfg = Debug|Any CPU
		{81052221-85E5-4EBB-9894-D36C6A90E1EB}.Debug|Any CPU.Build.0 = Debug|Any CPU
		{81052221-85E5-4EBB-9894-D36C6A90E1EB}.Release|Any CPU.ActiveCfg = Release|Any CPU
		{81052221-85E5-4EBB-9894-D36C6A90E1EB}.Release|Any CPU.Build.0 = Release|Any CPU
		{B345B0E7-3248-4970-8F8C-7ADED43DB38F}.Debug|Any CPU.ActiveCfg = Debug|Any CPU
		{B345B0E7-3248-4970-8F8C-7ADED43DB38F}.Debug|Any CPU.Build.0 = Debug|Any CPU
		{B345B0E7-3248-4970-8F8C-7ADED43DB38F}.Release|Any CPU.ActiveCfg = Release|Any CPU
		{B345B0E7-3248-4970-8F8C-7ADED43DB38F}.Release|Any CPU.Build.0 = Release|Any CPU
		{14A59065-D97F-44F1-8529-F8AE07906593}.Debug|Any CPU.ActiveCfg = Debug|Any CPU
		{14A59065-D97F-44F1-8529-F8AE07906593}.Debug|Any CPU.Build.0 = Debug|Any CPU
		{14A59065-D97F-44F1-8529-F8AE07906593}.Release|Any CPU.ActiveCfg = Release|Any CPU
		{14A59065-D97F-44F1-8529-F8AE07906593}.Release|Any CPU.Build.0 = Release|Any CPU
		{0126EAEE-91A3-438D-8502-5484C9D77F5B}.Debug|Any CPU.ActiveCfg = Debug|Any CPU
		{0126EAEE-91A3-438D-8502-5484C9D77F5B}.Debug|Any CPU.Build.0 = Debug|Any CPU
		{0126EAEE-91A3-438D-8502-5484C9D77F5B}.Release|Any CPU.ActiveCfg = Release|Any CPU
		{0126EAEE-91A3-438D-8502-5484C9D77F5B}.Release|Any CPU.Build.0 = Release|Any CPU
		{FBA093FB-E928-420F-9B84-1A31E293A894}.Debug|Any CPU.ActiveCfg = Debug|Any CPU
		{FBA093FB-E928-420F-9B84-1A31E293A894}.Debug|Any CPU.Build.0 = Debug|Any CPU
		{FBA093FB-E928-420F-9B84-1A31E293A894}.Release|Any CPU.ActiveCfg = Release|Any CPU
		{FBA093FB-E928-420F-9B84-1A31E293A894}.Release|Any CPU.Build.0 = Release|Any CPU
		{0F2944D7-29B8-4083-BD60-7010BA5436C1}.Debug|Any CPU.ActiveCfg = Debug|Any CPU
		{0F2944D7-29B8-4083-BD60-7010BA5436C1}.Debug|Any CPU.Build.0 = Debug|Any CPU
		{0F2944D7-29B8-4083-BD60-7010BA5436C1}.Release|Any CPU.ActiveCfg = Release|Any CPU
		{0F2944D7-29B8-4083-BD60-7010BA5436C1}.Release|Any CPU.Build.0 = Release|Any CPU
		{724AFCF5-074C-4615-82CC-E3F103005E6F}.Debug|Any CPU.ActiveCfg = Debug|Any CPU
		{724AFCF5-074C-4615-82CC-E3F103005E6F}.Debug|Any CPU.Build.0 = Debug|Any CPU
		{724AFCF5-074C-4615-82CC-E3F103005E6F}.Release|Any CPU.ActiveCfg = Release|Any CPU
		{724AFCF5-074C-4615-82CC-E3F103005E6F}.Release|Any CPU.Build.0 = Release|Any CPU
		{F2A85951-6940-4AA2-B203-72B30381AF8F}.Debug|Any CPU.ActiveCfg = Debug|Any CPU
		{F2A85951-6940-4AA2-B203-72B30381AF8F}.Debug|Any CPU.Build.0 = Debug|Any CPU
		{F2A85951-6940-4AA2-B203-72B30381AF8F}.Release|Any CPU.ActiveCfg = Release|Any CPU
		{F2A85951-6940-4AA2-B203-72B30381AF8F}.Release|Any CPU.Build.0 = Release|Any CPU
		{412C3AC8-C891-4FD3-879F-979DB0F8ADC7}.Debug|Any CPU.ActiveCfg = Debug|Any CPU
		{412C3AC8-C891-4FD3-879F-979DB0F8ADC7}.Debug|Any CPU.Build.0 = Debug|Any CPU
		{412C3AC8-C891-4FD3-879F-979DB0F8ADC7}.Release|Any CPU.ActiveCfg = Release|Any CPU
		{412C3AC8-C891-4FD3-879F-979DB0F8ADC7}.Release|Any CPU.Build.0 = Release|Any CPU
		{FCBFC918-4081-477E-8172-80B47C06E82B}.Debug|Any CPU.ActiveCfg = Debug|Any CPU
		{FCBFC918-4081-477E-8172-80B47C06E82B}.Debug|Any CPU.Build.0 = Debug|Any CPU
		{FCBFC918-4081-477E-8172-80B47C06E82B}.Release|Any CPU.ActiveCfg = Release|Any CPU
		{FCBFC918-4081-477E-8172-80B47C06E82B}.Release|Any CPU.Build.0 = Release|Any CPU
		{D9F036CD-C384-40D7-8419-65DB4C16C00B}.Debug|Any CPU.ActiveCfg = Debug|Any CPU
		{D9F036CD-C384-40D7-8419-65DB4C16C00B}.Debug|Any CPU.Build.0 = Debug|Any CPU
		{D9F036CD-C384-40D7-8419-65DB4C16C00B}.Release|Any CPU.ActiveCfg = Release|Any CPU
		{D9F036CD-C384-40D7-8419-65DB4C16C00B}.Release|Any CPU.Build.0 = Release|Any CPU
		{6692443A-2630-4701-AE88-1665F2FB8768}.Debug|Any CPU.ActiveCfg = Debug|Any CPU
		{6692443A-2630-4701-AE88-1665F2FB8768}.Debug|Any CPU.Build.0 = Debug|Any CPU
		{6692443A-2630-4701-AE88-1665F2FB8768}.Release|Any CPU.ActiveCfg = Release|Any CPU
		{6692443A-2630-4701-AE88-1665F2FB8768}.Release|Any CPU.Build.0 = Release|Any CPU
		{D9D683B8-41D9-4250-9034-E45A200A52A1}.Debug|Any CPU.ActiveCfg = Debug|Any CPU
		{D9D683B8-41D9-4250-9034-E45A200A52A1}.Debug|Any CPU.Build.0 = Debug|Any CPU
		{D9D683B8-41D9-4250-9034-E45A200A52A1}.Release|Any CPU.ActiveCfg = Release|Any CPU
		{D9D683B8-41D9-4250-9034-E45A200A52A1}.Release|Any CPU.Build.0 = Release|Any CPU
		{0F64832F-C49B-4323-BF32-D46F5CA1DCB3}.Debug|Any CPU.ActiveCfg = Debug|Any CPU
		{0F64832F-C49B-4323-BF32-D46F5CA1DCB3}.Debug|Any CPU.Build.0 = Debug|Any CPU
		{0F64832F-C49B-4323-BF32-D46F5CA1DCB3}.Release|Any CPU.ActiveCfg = Release|Any CPU
		{0F64832F-C49B-4323-BF32-D46F5CA1DCB3}.Release|Any CPU.Build.0 = Release|Any CPU
		{F8E42C51-87D4-4D8B-B0BF-1C7BE174878F}.Debug|Any CPU.ActiveCfg = Debug|Any CPU
		{F8E42C51-87D4-4D8B-B0BF-1C7BE174878F}.Debug|Any CPU.Build.0 = Debug|Any CPU
		{F8E42C51-87D4-4D8B-B0BF-1C7BE174878F}.Release|Any CPU.ActiveCfg = Release|Any CPU
		{F8E42C51-87D4-4D8B-B0BF-1C7BE174878F}.Release|Any CPU.Build.0 = Release|Any CPU
		{FC8AFA68-4FE1-48CE-B445-EBEFC75D111F}.Debug|Any CPU.ActiveCfg = Debug|Any CPU
		{FC8AFA68-4FE1-48CE-B445-EBEFC75D111F}.Debug|Any CPU.Build.0 = Debug|Any CPU
		{FC8AFA68-4FE1-48CE-B445-EBEFC75D111F}.Release|Any CPU.ActiveCfg = Release|Any CPU
		{FC8AFA68-4FE1-48CE-B445-EBEFC75D111F}.Release|Any CPU.Build.0 = Release|Any CPU
		{A48F3375-C551-44A1-9761-C3B3DEFC0DE3}.Debug|Any CPU.ActiveCfg = Debug|Any CPU
		{A48F3375-C551-44A1-9761-C3B3DEFC0DE3}.Debug|Any CPU.Build.0 = Debug|Any CPU
		{A48F3375-C551-44A1-9761-C3B3DEFC0DE3}.Release|Any CPU.ActiveCfg = Release|Any CPU
		{A48F3375-C551-44A1-9761-C3B3DEFC0DE3}.Release|Any CPU.Build.0 = Release|Any CPU
		{4BF77085-D5EA-4759-A0C6-2B22C7A46712}.Debug|Any CPU.ActiveCfg = Debug|Any CPU
		{4BF77085-D5EA-4759-A0C6-2B22C7A46712}.Debug|Any CPU.Build.0 = Debug|Any CPU
		{4BF77085-D5EA-4759-A0C6-2B22C7A46712}.Release|Any CPU.ActiveCfg = Release|Any CPU
		{4BF77085-D5EA-4759-A0C6-2B22C7A46712}.Release|Any CPU.Build.0 = Release|Any CPU
		{F4A43C41-53D4-4CD5-8E75-F7B970CD9FC6}.Debug|Any CPU.ActiveCfg = Debug|Any CPU
		{F4A43C41-53D4-4CD5-8E75-F7B970CD9FC6}.Debug|Any CPU.Build.0 = Debug|Any CPU
		{F4A43C41-53D4-4CD5-8E75-F7B970CD9FC6}.Release|Any CPU.ActiveCfg = Release|Any CPU
		{F4A43C41-53D4-4CD5-8E75-F7B970CD9FC6}.Release|Any CPU.Build.0 = Release|Any CPU
		{F6745A4B-85D3-4BB3-9BD2-BC55C7E6F671}.Debug|Any CPU.ActiveCfg = Debug|Any CPU
		{F6745A4B-85D3-4BB3-9BD2-BC55C7E6F671}.Debug|Any CPU.Build.0 = Debug|Any CPU
		{F6745A4B-85D3-4BB3-9BD2-BC55C7E6F671}.Release|Any CPU.ActiveCfg = Release|Any CPU
		{F6745A4B-85D3-4BB3-9BD2-BC55C7E6F671}.Release|Any CPU.Build.0 = Release|Any CPU
		{513DE98B-5241-4982-85D0-ACE53DB5E38F}.Debug|Any CPU.ActiveCfg = Debug|Any CPU
		{513DE98B-5241-4982-85D0-ACE53DB5E38F}.Debug|Any CPU.Build.0 = Debug|Any CPU
		{513DE98B-5241-4982-85D0-ACE53DB5E38F}.Release|Any CPU.ActiveCfg = Release|Any CPU
		{513DE98B-5241-4982-85D0-ACE53DB5E38F}.Release|Any CPU.Build.0 = Release|Any CPU
		{BA7885E1-0246-4F08-9BB1-859ED96AD589}.Debug|Any CPU.ActiveCfg = Debug|Any CPU
		{BA7885E1-0246-4F08-9BB1-859ED96AD589}.Debug|Any CPU.Build.0 = Debug|Any CPU
		{BA7885E1-0246-4F08-9BB1-859ED96AD589}.Release|Any CPU.ActiveCfg = Release|Any CPU
		{BA7885E1-0246-4F08-9BB1-859ED96AD589}.Release|Any CPU.Build.0 = Release|Any CPU
		{86303370-B729-44C8-A4FA-C218ABA121BB}.Debug|Any CPU.ActiveCfg = Debug|Any CPU
		{86303370-B729-44C8-A4FA-C218ABA121BB}.Debug|Any CPU.Build.0 = Debug|Any CPU
		{86303370-B729-44C8-A4FA-C218ABA121BB}.Release|Any CPU.ActiveCfg = Release|Any CPU
		{86303370-B729-44C8-A4FA-C218ABA121BB}.Release|Any CPU.Build.0 = Release|Any CPU
		{E4790123-B6EB-4D00-88FE-172AC2673701}.Debug|Any CPU.ActiveCfg = Debug|Any CPU
		{E4790123-B6EB-4D00-88FE-172AC2673701}.Debug|Any CPU.Build.0 = Debug|Any CPU
		{E4790123-B6EB-4D00-88FE-172AC2673701}.Release|Any CPU.ActiveCfg = Release|Any CPU
		{E4790123-B6EB-4D00-88FE-172AC2673701}.Release|Any CPU.Build.0 = Release|Any CPU
		{4AF5D061-3389-4305-ADF2-6633B7B3F6D4}.Debug|Any CPU.ActiveCfg = Debug|Any CPU
		{4AF5D061-3389-4305-ADF2-6633B7B3F6D4}.Debug|Any CPU.Build.0 = Debug|Any CPU
		{4AF5D061-3389-4305-ADF2-6633B7B3F6D4}.Release|Any CPU.ActiveCfg = Release|Any CPU
		{4AF5D061-3389-4305-ADF2-6633B7B3F6D4}.Release|Any CPU.Build.0 = Release|Any CPU
		{2342FA33-02A7-409E-9B09-201905F70737}.Debug|Any CPU.ActiveCfg = Debug|Any CPU
		{2342FA33-02A7-409E-9B09-201905F70737}.Debug|Any CPU.Build.0 = Debug|Any CPU
		{2342FA33-02A7-409E-9B09-201905F70737}.Release|Any CPU.ActiveCfg = Release|Any CPU
		{2342FA33-02A7-409E-9B09-201905F70737}.Release|Any CPU.Build.0 = Release|Any CPU
		{57CFCCFD-62D5-43A2-A93B-05715EDBCC29}.Debug|Any CPU.ActiveCfg = Debug|Any CPU
		{57CFCCFD-62D5-43A2-A93B-05715EDBCC29}.Debug|Any CPU.Build.0 = Debug|Any CPU
		{57CFCCFD-62D5-43A2-A93B-05715EDBCC29}.Release|Any CPU.ActiveCfg = Release|Any CPU
		{57CFCCFD-62D5-43A2-A93B-05715EDBCC29}.Release|Any CPU.Build.0 = Release|Any CPU
		{59400DE5-FBB1-4211-85E8-5E0CBEF2B0D5}.Debug|Any CPU.ActiveCfg = Debug|Any CPU
		{59400DE5-FBB1-4211-85E8-5E0CBEF2B0D5}.Debug|Any CPU.Build.0 = Debug|Any CPU
		{59400DE5-FBB1-4211-85E8-5E0CBEF2B0D5}.Release|Any CPU.ActiveCfg = Release|Any CPU
		{59400DE5-FBB1-4211-85E8-5E0CBEF2B0D5}.Release|Any CPU.Build.0 = Release|Any CPU
		{6C22C8F9-176B-45AD-80F7-9B5553A5A7AE}.Debug|Any CPU.ActiveCfg = Debug|Any CPU
		{6C22C8F9-176B-45AD-80F7-9B5553A5A7AE}.Debug|Any CPU.Build.0 = Debug|Any CPU
		{6C22C8F9-176B-45AD-80F7-9B5553A5A7AE}.Release|Any CPU.ActiveCfg = Release|Any CPU
		{6C22C8F9-176B-45AD-80F7-9B5553A5A7AE}.Release|Any CPU.Build.0 = Release|Any CPU
		{73898E77-5313-4A08-A456-0795B1E548BF}.Debug|Any CPU.ActiveCfg = Debug|Any CPU
		{73898E77-5313-4A08-A456-0795B1E548BF}.Debug|Any CPU.Build.0 = Debug|Any CPU
		{73898E77-5313-4A08-A456-0795B1E548BF}.Release|Any CPU.ActiveCfg = Release|Any CPU
		{73898E77-5313-4A08-A456-0795B1E548BF}.Release|Any CPU.Build.0 = Release|Any CPU
		{4C2AF699-DDA9-4788-B12B-2EE9C6E9BFBA}.Debug|Any CPU.ActiveCfg = Debug|Any CPU
		{4C2AF699-DDA9-4788-B12B-2EE9C6E9BFBA}.Debug|Any CPU.Build.0 = Debug|Any CPU
		{4C2AF699-DDA9-4788-B12B-2EE9C6E9BFBA}.Release|Any CPU.ActiveCfg = Release|Any CPU
		{4C2AF699-DDA9-4788-B12B-2EE9C6E9BFBA}.Release|Any CPU.Build.0 = Release|Any CPU
	EndGlobalSection
	GlobalSection(SolutionProperties) = preSolution
		HideSolutionNode = FALSE
	EndGlobalSection
	GlobalSection(NestedProjects) = preSolution
		{BB1D7B9F-5FF9-4318-B155-B80B66CD6FD9} = {38B01386-CDED-4856-9900-B874A10956E8}
		{D0C4D6FA-D482-4B86-A0C2-FC70335BE14D} = {38B01386-CDED-4856-9900-B874A10956E8}
		{D2FA4D81-EC57-45AC-ABD2-10F4DB6D90A4} = {38B01386-CDED-4856-9900-B874A10956E8}
		{24133B60-E096-4C89-8CBA-86F6974222E0} = {38B01386-CDED-4856-9900-B874A10956E8}
		{3D4024FA-D531-4EFD-A6A7-10AB93D0337A} = {BB1D7B9F-5FF9-4318-B155-B80B66CD6FD9}
		{0FA1B8FF-2E51-487B-B32E-4B3E255F142F} = {BB1D7B9F-5FF9-4318-B155-B80B66CD6FD9}
		{AF2DFD03-3B91-4E17-B55D-FFE1745C5F49} = {BB1D7B9F-5FF9-4318-B155-B80B66CD6FD9}
		{C6C6D958-4C21-4524-B3B1-4FEE23019652} = {BB1D7B9F-5FF9-4318-B155-B80B66CD6FD9}
		{0E76B477-5BC0-4D54-80F0-50CACDCF8C09} = {BB1D7B9F-5FF9-4318-B155-B80B66CD6FD9}
		{360D59CD-6C13-43F9-8BA0-E1258995026D} = {D0C4D6FA-D482-4B86-A0C2-FC70335BE14D}
		{513DE98B-5241-4982-85D0-ACE53DB5E38F} = {D0C4D6FA-D482-4B86-A0C2-FC70335BE14D}
		{3CB4C596-CBF2-4F51-9EB5-C034B5DA9E44} = {D2FA4D81-EC57-45AC-ABD2-10F4DB6D90A4}
		{69D00103-D07F-43A0-97D2-AB12FFA8EDA5} = {D2FA4D81-EC57-45AC-ABD2-10F4DB6D90A4}
		{36FC5D55-98C6-4EC8-A8CE-8168D42C3BBE} = {D2FA4D81-EC57-45AC-ABD2-10F4DB6D90A4}
		{57A88133-03B3-4A40-B07A-9C3200CC197C} = {D2FA4D81-EC57-45AC-ABD2-10F4DB6D90A4}
		{F2733F3F-75C0-424E-8F4F-D8966598E4AF} = {D2FA4D81-EC57-45AC-ABD2-10F4DB6D90A4}
		{85FB5812-D551-4AE8-B6B2-17C40D0F0983} = {D2FA4D81-EC57-45AC-ABD2-10F4DB6D90A4}
		{71D434E6-332D-4613-A1F4-2C6A5654D228} = {D2FA4D81-EC57-45AC-ABD2-10F4DB6D90A4}
		{4C2AF699-DDA9-4788-B12B-2EE9C6E9BFBA} = {D2FA4D81-EC57-45AC-ABD2-10F4DB6D90A4}
		{4AF5D061-3389-4305-ADF2-6633B7B3F6D4} = {D2FA4D81-EC57-45AC-ABD2-10F4DB6D90A4}
		{2B1E1508-60A9-469E-99D3-5B9AB751F244} = {24133B60-E096-4C89-8CBA-86F6974222E0}
		{4F12AC50-8041-4C2B-AD5E-F22235E214D7} = {24133B60-E096-4C89-8CBA-86F6974222E0}
		{B410E7D1-507E-4BFD-9960-4E8BC15B1D23} = {24133B60-E096-4C89-8CBA-86F6974222E0}
		{AEC94D64-A188-4503-AB03-64902C93BB6E} = {24133B60-E096-4C89-8CBA-86F6974222E0}
		{A296A6B2-FA5F-477C-B872-0456BF6FF0E0} = {2B1E1508-60A9-469E-99D3-5B9AB751F244}
		{B1AD5EB0-27D5-462D-8781-E45F2DD44CDE} = {2B1E1508-60A9-469E-99D3-5B9AB751F244}
		{31E2BBD4-4E51-4790-B81F-B71BA5246B3E} = {2B1E1508-60A9-469E-99D3-5B9AB751F244}
		{D4ABC5D1-6157-4989-BC24-3F3EF4F6C033} = {A296A6B2-FA5F-477C-B872-0456BF6FF0E0}
		{30173FAE-3584-4265-8ABB-22F19A01C3A2} = {A296A6B2-FA5F-477C-B872-0456BF6FF0E0}
		{67143AE9-4282-4309-A0B0-6C9511075E2A} = {A296A6B2-FA5F-477C-B872-0456BF6FF0E0}
		{CB8CD873-CBA4-4DDF-A4ED-51A35C266D04} = {4F12AC50-8041-4C2B-AD5E-F22235E214D7}
		{6692443A-2630-4701-AE88-1665F2FB8768} = {4F12AC50-8041-4C2B-AD5E-F22235E214D7}
		{D9D683B8-41D9-4250-9034-E45A200A52A1} = {4F12AC50-8041-4C2B-AD5E-F22235E214D7}
		{0C73EC8F-C1B2-432D-9EF3-B0A353C4D551} = {CB8CD873-CBA4-4DDF-A4ED-51A35C266D04}
		{FCBFC918-4081-477E-8172-80B47C06E82B} = {CB8CD873-CBA4-4DDF-A4ED-51A35C266D04}
		{D9F036CD-C384-40D7-8419-65DB4C16C00B} = {CB8CD873-CBA4-4DDF-A4ED-51A35C266D04}
		{412C3AC8-C891-4FD3-879F-979DB0F8ADC7} = {0C73EC8F-C1B2-432D-9EF3-B0A353C4D551}
		{C34E4396-050F-4584-8446-0E81A9540D1C} = {B410E7D1-507E-4BFD-9960-4E8BC15B1D23}
		{14A59065-D97F-44F1-8529-F8AE07906593} = {B410E7D1-507E-4BFD-9960-4E8BC15B1D23}
		{0126EAEE-91A3-438D-8502-5484C9D77F5B} = {B410E7D1-507E-4BFD-9960-4E8BC15B1D23}
		{FBA093FB-E928-420F-9B84-1A31E293A894} = {B410E7D1-507E-4BFD-9960-4E8BC15B1D23}
		{0F2944D7-29B8-4083-BD60-7010BA5436C1} = {B410E7D1-507E-4BFD-9960-4E8BC15B1D23}
		{5CD5D472-10A5-4C85-A7DB-7F21CE6099C3} = {C34E4396-050F-4584-8446-0E81A9540D1C}
		{81052221-85E5-4EBB-9894-D36C6A90E1EB} = {C34E4396-050F-4584-8446-0E81A9540D1C}
		{B345B0E7-3248-4970-8F8C-7ADED43DB38F} = {C34E4396-050F-4584-8446-0E81A9540D1C}
		{B66C7A37-6192-447D-B324-CD28A3533029} = {AEC94D64-A188-4503-AB03-64902C93BB6E}
		{04A6B79C-CD71-49F0-B28B-F7DC0D5B456C} = {AEC94D64-A188-4503-AB03-64902C93BB6E}
		{86303370-B729-44C8-A4FA-C218ABA121BB} = {AEC94D64-A188-4503-AB03-64902C93BB6E}
		{E4790123-B6EB-4D00-88FE-172AC2673701} = {AEC94D64-A188-4503-AB03-64902C93BB6E}
		{2342FA33-02A7-409E-9B09-201905F70737} = {AEC94D64-A188-4503-AB03-64902C93BB6E}
		{57CFCCFD-62D5-43A2-A93B-05715EDBCC29} = {AEC94D64-A188-4503-AB03-64902C93BB6E}
		{59400DE5-FBB1-4211-85E8-5E0CBEF2B0D5} = {AEC94D64-A188-4503-AB03-64902C93BB6E}
		{6C22C8F9-176B-45AD-80F7-9B5553A5A7AE} = {AEC94D64-A188-4503-AB03-64902C93BB6E}
		{73898E77-5313-4A08-A456-0795B1E548BF} = {AEC94D64-A188-4503-AB03-64902C93BB6E}
		{724AFCF5-074C-4615-82CC-E3F103005E6F} = {3CB4C596-CBF2-4F51-9EB5-C034B5DA9E44}
		{F2A85951-6940-4AA2-B203-72B30381AF8F} = {3CB4C596-CBF2-4F51-9EB5-C034B5DA9E44}
		{3BE84660-352A-4A37-A703-2A80F5881554} = {3D4024FA-D531-4EFD-A6A7-10AB93D0337A}
		{98DA4A87-CFFE-4B2F-A14A-1CEA7528C563} = {3D4024FA-D531-4EFD-A6A7-10AB93D0337A}
		{CC440EEB-10B5-4485-8C8C-1ADD3939E9C7} = {0FA1B8FF-2E51-487B-B32E-4B3E255F142F}
		{19FF4D00-F213-4283-A345-1C812ABE5850} = {0FA1B8FF-2E51-487B-B32E-4B3E255F142F}
		{E65A302C-D957-401D-B540-130989AC798B} = {0FA1B8FF-2E51-487B-B32E-4B3E255F142F}
		{2A10D4AA-523A-4D9D-B747-A48E363BBD25} = {0FA1B8FF-2E51-487B-B32E-4B3E255F142F}
		{A2A4DF30-D88D-4767-88A9-B57665F49740} = {AF2DFD03-3B91-4E17-B55D-FFE1745C5F49}
		{BA7885E1-0246-4F08-9BB1-859ED96AD589} = {AF2DFD03-3B91-4E17-B55D-FFE1745C5F49}
		{473F925A-CDAB-4860-BAFB-380E7216F6D2} = {C6C6D958-4C21-4524-B3B1-4FEE23019652}
		{AFE94F13-C09F-475D-9D67-4A31CCF48042} = {C6C6D958-4C21-4524-B3B1-4FEE23019652}
		{E4803347-2E23-4A88-927F-DF3B0891F488} = {C6C6D958-4C21-4524-B3B1-4FEE23019652}
		{FC8AFA68-4FE1-48CE-B445-EBEFC75D111F} = {69D00103-D07F-43A0-97D2-AB12FFA8EDA5}
		{A48F3375-C551-44A1-9761-C3B3DEFC0DE3} = {69D00103-D07F-43A0-97D2-AB12FFA8EDA5}
		{4BF77085-D5EA-4759-A0C6-2B22C7A46712} = {69D00103-D07F-43A0-97D2-AB12FFA8EDA5}
		{0F64832F-C49B-4323-BF32-D46F5CA1DCB3} = {360D59CD-6C13-43F9-8BA0-E1258995026D}
		{F8E42C51-87D4-4D8B-B0BF-1C7BE174878F} = {360D59CD-6C13-43F9-8BA0-E1258995026D}
		{F6745A4B-85D3-4BB3-9BD2-BC55C7E6F671} = {0E76B477-5BC0-4D54-80F0-50CACDCF8C09}
		{F4A43C41-53D4-4CD5-8E75-F7B970CD9FC6} = {0E76B477-5BC0-4D54-80F0-50CACDCF8C09}
	EndGlobalSection
EndGlobal
